PODS:
  - Alamofire (5.4.1)
  - CocoaLumberjack/Core (3.7.0)
  - CocoaLumberjack/Swift (3.7.0):
    - CocoaLumberjack/Core
  - Differentiator (4.0.1)
  - EmptyKit (4.2.0)
  - HandyJSON (5.0.2)
  - Moya/Core (14.0.0):
    - Alamofire (~> 5.0)
  - Moya/RxSwift (14.0.0):
    - Moya/Core
    - RxSwift (~> 5.0)
  - ObjectMapper (4.2.0)
  - ReactorKit (2.1.1):
    - RxSwift (~> 5.0)
    - WeakMapTable (~> 1.1)
  - Realm (10.7.2):
    - Realm/Headers (= 10.7.2)
  - Realm/Headers (10.7.2)
  - RealmSwift (10.7.2):
    - Realm (= 10.7.2)
  - ReusableKit (3.0.0):
    - ReusableKit/Core (= 3.0.0)
  - ReusableKit/Core (3.0.0)
  - ReusableKit/RxSwift (3.0.0):
    - ReusableKit/Core
    - RxCocoa (~> 5.0)
    - RxSwift (~> 5.0)
  - RxCocoa (5.1.1):
    - RxRelay (~> 5)
    - RxSwift (~> 5)
  - RxDataSources (4.0.1):
    - Differentiator (~> 4.0)
    - RxCocoa (~> 5.0)
    - RxSwift (~> 5.0)
  - RxOptional (4.1.0):
    - RxCocoa (~> 5)
    - RxSwift (~> 5)
  - RxRelay (5.1.1):
    - RxSwift (~> 5)
  - RxSwift (5.1.2)
  - RxViewController (1.0.0):
    - RxCocoa (~> 5.0)
    - RxSwift (~> 5.0)
  - SectionReactor (1.0.0):
    - ReactorKit (>= 2.0.0)
    - RxDataSources (>= 4.0.0)
  - SnapKit (5.0.1)
  - SwiftyJSON (5.0.0)
  - Then (2.7.0)
  - URLNavigator (2.3.0)
  - WeakMapTable (1.2.0)

DEPENDENCIES:
  - Alamofire
  - CocoaLumberjack/Swift
  - EmptyKit
  - HandyJSON
  - Moya/RxSwift
  - ObjectMapper
  - ReactorKit
  - RealmSwift
  - ReusableKit
  - ReusableKit/RxSwift
  - RxCocoa
  - RxDataSources
  - RxOptional
  - RxSwift
  - RxViewController
  - SectionReactor
  - SnapKit
  - SwiftyJSON
  - Then
  - URLNavigator

SPEC REPOS:
  trunk:
    - Alamofire
    - CocoaLumberjack
    - Differentiator
    - EmptyKit
    - HandyJSON
    - Moya
    - ObjectMapper
    - ReactorKit
    - Realm
    - RealmSwift
    - ReusableKit
    - RxCocoa
    - RxDataSources
    - RxOptional
    - RxRelay
    - RxSwift
    - RxViewController
    - SectionReactor
    - SnapKit
    - SwiftyJSON
    - Then
    - URLNavigator
    - WeakMapTable

SPEC CHECKSUMS:
  Alamofire: 2291f7d21ca607c491dd17642e5d40fdcda0e65c
  CocoaLumberjack: e8955b9d337ac307103b0a34fd141c32f27e53c5
  Differentiator: 886080237d9f87f322641dedbc5be257061b0602
  EmptyKit: 95d75cad79476379124e929488116e409043c1d5
  HandyJSON: 9e4e236f5d2dbefad5155a77417bbea438201c03
  Moya: 5b45dacb75adb009f97fde91c204c1e565d31916
  ObjectMapper: 1eb41f610210777375fa806bf161dc39fb832b81
  ReactorKit: 6d894a20c3d508344320901cd8e386fde92df4b6
  Realm: e523da9ade306c5ae87e85dc09fdef148d3e1cc1
  RealmSwift: 4f6758c3adbdcc87f7b7777107226532a077f61c
  ReusableKit: e5f853ad4652e411f96b6119b2488afa12929be6
  RxCocoa: 32065309a38d29b5b0db858819b5bf9ef038b601
  RxDataSources: efee07fa4de48477eca0a4611e6d11e2da9c1114
  RxOptional: b1fcd60856807a564c0215c2184b8d33e7826dc2
  RxRelay: d77f7d771495f43c556cbc43eebd1bb54d01e8e9
  RxSwift: 1e2e1f9570186967f617e49128ed26ccf1bafc8e
  RxViewController: 7330a46e5c31cd680db169da4c9fc8676e975a81
  SectionReactor: 88cf2b79bdf33632c98583a574a17181a277fc33
  SnapKit: 97b92857e3df3a0c71833cce143274bf6ef8e5eb
  SwiftyJSON: 36413e04c44ee145039d332b4f4e2d3e8d6c4db7
  Then: acfe0be7e98221c6204e12f8161459606d5d822d
  URLNavigator: 2593c0e2d293732ec5c44503cf54dceba1a68085
  WeakMapTable: 05c694ce8439a7a9ebabb56187287a63c57673d6

PODFILE CHECKSUM: ba2e0451246d1ee52bb06deedfbb1fdb017d9cb0

COCOAPODS: 1.10.1
