// !$*UTF8*$!
{
	archiveVersion = 1;
	classes = {
	};
	objectVersion = 50;
	objects = {

/* Begin PBXBuildFile section */
		10FBD52C3006BD960CF0398B /* Pods_TestGithub.framework in Frameworks */ = {isa = PBXBuildFile; fileRef = C7E9A208BAC797CEFBF043C1 /* Pods_TestGithub.framework */; };
		4EF39BF62601FCFB00312B1F /* AppDelegate.swift in Sources */ = {isa = PBXBuildFile; fileRef = 4EF39BF52601FCFB00312B1F /* AppDelegate.swift */; };
		4EF39BF82601FCFB00312B1F /* SceneDelegate.swift in Sources */ = {isa = PBXBuildFile; fileRef = 4EF39BF72601FCFB00312B1F /* SceneDelegate.swift */; };
		4EF39BFA2601FCFB00312B1F /* ViewController.swift in Sources */ = {isa = PBXBuildFile; fileRef = 4EF39BF92601FCFB00312B1F /* ViewController.swift */; };
		4EF39BFD2601FCFB00312B1F /* Main.storyboard in Resources */ = {isa = PBXBuildFile; fileRef = 4EF39BFB2601FCFB00312B1F /* Main.storyboard */; };
		4EF39BFF2601FCFD00312B1F /* Assets.xcassets in Resources */ = {isa = PBXBuildFile; fileRef = 4EF39BFE2601FCFD00312B1F /* Assets.xcassets */; };
		4EF39C022601FCFD00312B1F /* LaunchScreen.storyboard in Resources */ = {isa = PBXBuildFile; fileRef = 4EF39C002601FCFD00312B1F /* LaunchScreen.storyboard */; };
		4EF39C0D2601FCFD00312B1F /* TestGithubTests.swift in Sources */ = {isa = PBXBuildFile; fileRef = 4EF39C0C2601FCFD00312B1F /* TestGithubTests.swift */; };
		4EF39C182601FCFD00312B1F /* TestGithubUITests.swift in Sources */ = {isa = PBXBuildFile; fileRef = 4EF39C172601FCFD00312B1F /* TestGithubUITests.swift */; };
		53448182A7DAAD2A45A1FAC7 /* Pods_TestGithubTests.framework in Frameworks */ = {isa = PBXBuildFile; fileRef = 9F63E2A61B3537380068D2B5 /* Pods_TestGithubTests.framework */; };
		62219E8B39376DD89FC4275F /* Pods_TestGithub_TestGithubUITests.framework in Frameworks */ = {isa = PBXBuildFile; fileRef = 6C1F0A776D4568AFA9EEC7F3 /* Pods_TestGithub_TestGithubUITests.framework */; };
/* End PBXBuildFile section */

/* Begin PBXContainerItemProxy section */
		4EF39C092601FCFD00312B1F /* PBXContainerItemProxy */ = {
			isa = PBXContainerItemProxy;
			containerPortal = 4EF39BEA2601FCFB00312B1F /* Project object */;
			proxyType = 1;
			remoteGlobalIDString = 4EF39BF12601FCFB00312B1F;
			remoteInfo = TestGithub;
		};
		4EF39C142601FCFD00312B1F /* PBXContainerItemProxy */ = {
			isa = PBXContainerItemProxy;
			containerPortal = 4EF39BEA2601FCFB00312B1F /* Project object */;
			proxyType = 1;
			remoteGlobalIDString = 4EF39BF12601FCFB00312B1F;
			remoteInfo = TestGithub;
		};
/* End PBXContainerItemProxy section */

/* Begin PBXFileReference section */
		4EF39BF22601FCFB00312B1F /* TestGithub.app */ = {isa = PBXFileReference; explicitFileType = wrapper.application; includeInIndex = 0; path = TestGithub.app; sourceTree = BUILT_PRODUCTS_DIR; };
		4EF39BF52601FCFB00312B1F /* AppDelegate.swift */ = {isa = PBXFileReference; lastKnownFileType = sourcecode.swift; path = AppDelegate.swift; sourceTree = "<group>"; };
		4EF39BF72601FCFB00312B1F /* SceneDelegate.swift */ = {isa = PBXFileReference; lastKnownFileType = sourcecode.swift; path = SceneDelegate.swift; sourceTree = "<group>"; };
		4EF39BF92601FCFB00312B1F /* ViewController.swift */ = {isa = PBXFileReference; lastKnownFileType = sourcecode.swift; path = ViewController.swift; sourceTree = "<group>"; };
		4EF39BFC2601FCFB00312B1F /* Base */ = {isa = PBXFileReference; lastKnownFileType = file.storyboard; name = Base; path = Base.lproj/Main.storyboard; sourceTree = "<group>"; };
		4EF39BFE2601FCFD00312B1F /* Assets.xcassets */ = {isa = PBXFileReference; lastKnownFileType = folder.assetcatalog; path = Assets.xcassets; sourceTree = "<group>"; };
		4EF39C012601FCFD00312B1F /* Base */ = {isa = PBXFileReference; lastKnownFileType = file.storyboard; name = Base; path = Base.lproj/LaunchScreen.storyboard; sourceTree = "<group>"; };
		4EF39C032601FCFD00312B1F /* Info.plist */ = {isa = PBXFileReference; lastKnownFileType = text.plist.xml; path = Info.plist; sourceTree = "<group>"; };
		4EF39C082601FCFD00312B1F /* TestGithubTests.xctest */ = {isa = PBXFileReference; explicitFileType = wrapper.cfbundle; includeInIndex = 0; path = TestGithubTests.xctest; sourceTree = BUILT_PRODUCTS_DIR; };
		4EF39C0C2601FCFD00312B1F /* TestGithubTests.swift */ = {isa = PBXFileReference; lastKnownFileType = sourcecode.swift; path = TestGithubTests.swift; sourceTree = "<group>"; };
		4EF39C0E2601FCFD00312B1F /* Info.plist */ = {isa = PBXFileReference; lastKnownFileType = text.plist.xml; path = Info.plist; sourceTree = "<group>"; };
		4EF39C132601FCFD00312B1F /* TestGithubUITests.xctest */ = {isa = PBXFileReference; explicitFileType = wrapper.cfbundle; includeInIndex = 0; path = TestGithubUITests.xctest; sourceTree = BUILT_PRODUCTS_DIR; };
		4EF39C172601FCFD00312B1F /* TestGithubUITests.swift */ = {isa = PBXFileReference; lastKnownFileType = sourcecode.swift; path = TestGithubUITests.swift; sourceTree = "<group>"; };
		4EF39C192601FCFD00312B1F /* Info.plist */ = {isa = PBXFileReference; lastKnownFileType = text.plist.xml; path = Info.plist; sourceTree = "<group>"; };
		5FE353CD8BE72E90D3AD8009 /* Pods-TestGithub-TestGithubUITests.debug.xcconfig */ = {isa = PBXFileReference; includeInIndex = 1; lastKnownFileType = text.xcconfig; name = "Pods-TestGithub-TestGithubUITests.debug.xcconfig"; path = "Target Support Files/Pods-TestGithub-TestGithubUITests/Pods-TestGithub-TestGithubUITests.debug.xcconfig"; sourceTree = "<group>"; };
		6C1F0A776D4568AFA9EEC7F3 /* Pods_TestGithub_TestGithubUITests.framework */ = {isa = PBXFileReference; explicitFileType = wrapper.framework; includeInIndex = 0; path = Pods_TestGithub_TestGithubUITests.framework; sourceTree = BUILT_PRODUCTS_DIR; };
		90A5C5696B2F8FA80E8E14AB /* Pods-TestGithubTests.debug.xcconfig */ = {isa = PBXFileReference; includeInIndex = 1; lastKnownFileType = text.xcconfig; name = "Pods-TestGithubTests.debug.xcconfig"; path = "Target Support Files/Pods-TestGithubTests/Pods-TestGithubTests.debug.xcconfig"; sourceTree = "<group>"; };
		918D2D69918D056E883E4968 /* Pods-TestGithubTests.release.xcconfig */ = {isa = PBXFileReference; includeInIndex = 1; lastKnownFileType = text.xcconfig; name = "Pods-TestGithubTests.release.xcconfig"; path = "Target Support Files/Pods-TestGithubTests/Pods-TestGithubTests.release.xcconfig"; sourceTree = "<group>"; };
		9F63E2A61B3537380068D2B5 /* Pods_TestGithubTests.framework */ = {isa = PBXFileReference; explicitFileType = wrapper.framework; includeInIndex = 0; path = Pods_TestGithubTests.framework; sourceTree = BUILT_PRODUCTS_DIR; };
		BBE2B14491CEE089342D7846 /* Pods-TestGithub.release.xcconfig */ = {isa = PBXFileReference; includeInIndex = 1; lastKnownFileType = text.xcconfig; name = "Pods-TestGithub.release.xcconfig"; path = "Target Support Files/Pods-TestGithub/Pods-TestGithub.release.xcconfig"; sourceTree = "<group>"; };
		BE88AA4A14FF17FBB69B79C3 /* Pods-TestGithub-TestGithubUITests.release.xcconfig */ = {isa = PBXFileReference; includeInIndex = 1; lastKnownFileType = text.xcconfig; name = "Pods-TestGithub-TestGithubUITests.release.xcconfig"; path = "Target Support Files/Pods-TestGithub-TestGithubUITests/Pods-TestGithub-TestGithubUITests.release.xcconfig"; sourceTree = "<group>"; };
		C7E9A208BAC797CEFBF043C1 /* Pods_TestGithub.framework */ = {isa = PBXFileReference; explicitFileType = wrapper.framework; includeInIndex = 0; path = Pods_TestGithub.framework; sourceTree = BUILT_PRODUCTS_DIR; };
		D048476AA9272F979EBDA8F9 /* Pods-TestGithub.debug.xcconfig */ = {isa = PBXFileReference; includeInIndex = 1; lastKnownFileType = text.xcconfig; name = "Pods-TestGithub.debug.xcconfig"; path = "Target Support Files/Pods-TestGithub/Pods-TestGithub.debug.xcconfig"; sourceTree = "<group>"; };
/* End PBXFileReference section */

/* Begin PBXFrameworksBuildPhase section */
		4EF39BEF2601FCFB00312B1F /* Frameworks */ = {
			isa = PBXFrameworksBuildPhase;
			buildActionMask = 2147483647;
			files = (
				10FBD52C3006BD960CF0398B /* Pods_TestGithub.framework in Frameworks */,
			);
			runOnlyForDeploymentPostprocessing = 0;
		};
		4EF39C052601FCFD00312B1F /* Frameworks */ = {
			isa = PBXFrameworksBuildPhase;
			buildActionMask = 2147483647;
			files = (
				53448182A7DAAD2A45A1FAC7 /* Pods_TestGithubTests.framework in Frameworks */,
			);
			runOnlyForDeploymentPostprocessing = 0;
		};
		4EF39C102601FCFD00312B1F /* Frameworks */ = {
			isa = PBXFrameworksBuildPhase;
			buildActionMask = 2147483647;
			files = (
				62219E8B39376DD89FC4275F /* Pods_TestGithub_TestGithubUITests.framework in Frameworks */,
			);
			runOnlyForDeploymentPostprocessing = 0;
		};
/* End PBXFrameworksBuildPhase section */

/* Begin PBXGroup section */
		00E18A2606EFDAA8ADFF878F /* Frameworks */ = {
			isa = PBXGroup;
			children = (
				C7E9A208BAC797CEFBF043C1 /* Pods_TestGithub.framework */,
				6C1F0A776D4568AFA9EEC7F3 /* Pods_TestGithub_TestGithubUITests.framework */,
				9F63E2A61B3537380068D2B5 /* Pods_TestGithubTests.framework */,
			);
			name = Frameworks;
			sourceTree = "<group>";
		};
		4EF39BE92601FCFB00312B1F = {
			isa = PBXGroup;
			children = (
				4EF39BF42601FCFB00312B1F /* TestGithub */,
				4EF39C0B2601FCFD00312B1F /* TestGithubTests */,
				4EF39C162601FCFD00312B1F /* TestGithubUITests */,
				4EF39BF32601FCFB00312B1F /* Products */,
				EFE9C513EFE33A89EAC2A025 /* Pods */,
				00E18A2606EFDAA8ADFF878F /* Frameworks */,
			);
			sourceTree = "<group>";
		};
		4EF39BF32601FCFB00312B1F /* Products */ = {
			isa = PBXGroup;
			children = (
				4EF39BF22601FCFB00312B1F /* TestGithub.app */,
				4EF39C082601FCFD00312B1F /* TestGithubTests.xctest */,
				4EF39C132601FCFD00312B1F /* TestGithubUITests.xctest */,
			);
			name = Products;
			sourceTree = "<group>";
		};
		4EF39BF42601FCFB00312B1F /* TestGithub */ = {
			isa = PBXGroup;
			children = (
				4EF39BF52601FCFB00312B1F /* AppDelegate.swift */,
				4EF39BF72601FCFB00312B1F /* SceneDelegate.swift */,
				4EF39BF92601FCFB00312B1F /* ViewController.swift */,
				4EF39BFB2601FCFB00312B1F /* Main.storyboard */,
				4EF39BFE2601FCFD00312B1F /* Assets.xcassets */,
				4EF39C002601FCFD00312B1F /* LaunchScreen.storyboard */,
				4EF39C032601FCFD00312B1F /* Info.plist */,
			);
			path = TestGithub;
			sourceTree = "<group>";
		};
		4EF39C0B2601FCFD00312B1F /* TestGithubTests */ = {
			isa = PBXGroup;
			children = (
				4EF39C0C2601FCFD00312B1F /* TestGithubTests.swift */,
				4EF39C0E2601FCFD00312B1F /* Info.plist */,
			);
			path = TestGithubTests;
			sourceTree = "<group>";
		};
		4EF39C162601FCFD00312B1F /* TestGithubUITests */ = {
			isa = PBXGroup;
			children = (
				4EF39C172601FCFD00312B1F /* TestGithubUITests.swift */,
				4EF39C192601FCFD00312B1F /* Info.plist */,
			);
			path = TestGithubUITests;
			sourceTree = "<group>";
		};
		EFE9C513EFE33A89EAC2A025 /* Pods */ = {
			isa = PBXGroup;
			children = (
				D048476AA9272F979EBDA8F9 /* Pods-TestGithub.debug.xcconfig */,
				BBE2B14491CEE089342D7846 /* Pods-TestGithub.release.xcconfig */,
				5FE353CD8BE72E90D3AD8009 /* Pods-TestGithub-TestGithubUITests.debug.xcconfig */,
				BE88AA4A14FF17FBB69B79C3 /* Pods-TestGithub-TestGithubUITests.release.xcconfig */,
				90A5C5696B2F8FA80E8E14AB /* Pods-TestGithubTests.debug.xcconfig */,
				918D2D69918D056E883E4968 /* Pods-TestGithubTests.release.xcconfig */,
			);
			name = Pods;
			path = Pods;
			sourceTree = "<group>";
		};
/* End PBXGroup section */

/* Begin PBXNativeTarget section */
		4EF39BF12601FCFB00312B1F /* TestGithub */ = {
			isa = PBXNativeTarget;
			buildConfigurationList = 4EF39C1C2601FCFD00312B1F /* Build configuration list for PBXNativeTarget "TestGithub" */;
			buildPhases = (
				3A141A1C18543039246F4EC7 /* [CP] Check Pods Manifest.lock */,
				4EF39BEE2601FCFB00312B1F /* Sources */,
				4EF39BEF2601FCFB00312B1F /* Frameworks */,
				4EF39BF02601FCFB00312B1F /* Resources */,
				77CC233D7166556D453EF767 /* [CP] Embed Pods Frameworks */,
			);
			buildRules = (
			);
			dependencies = (
			);
			name = TestGithub;
			productName = TestGithub;
			productReference = 4EF39BF22601FCFB00312B1F /* TestGithub.app */;
			productType = "com.apple.product-type.application";
		};
		4EF39C072601FCFD00312B1F /* TestGithubTests */ = {
			isa = PBXNativeTarget;
			buildConfigurationList = 4EF39C1F2601FCFD00312B1F /* Build configuration list for PBXNativeTarget "TestGithubTests" */;
			buildPhases = (
				D9C9E32677FDA20AB8A74EB0 /* [CP] Check Pods Manifest.lock */,
				4EF39C042601FCFD00312B1F /* Sources */,
				4EF39C052601FCFD00312B1F /* Frameworks */,
				4EF39C062601FCFD00312B1F /* Resources */,
			);
			buildRules = (
			);
			dependencies = (
				4EF39C0A2601FCFD00312B1F /* PBXTargetDependency */,
			);
			name = TestGithubTests;
			productName = TestGithubTests;
			productReference = 4EF39C082601FCFD00312B1F /* TestGithubTests.xctest */;
			productType = "com.apple.product-type.bundle.unit-test";
		};
		4EF39C122601FCFD00312B1F /* TestGithubUITests */ = {
			isa = PBXNativeTarget;
			buildConfigurationList = 4EF39C222601FCFD00312B1F /* Build configuration list for PBXNativeTarget "TestGithubUITests" */;
			buildPhases = (
				0BA9F52887B8A82F05C324AC /* [CP] Check Pods Manifest.lock */,
				4EF39C0F2601FCFD00312B1F /* Sources */,
				4EF39C102601FCFD00312B1F /* Frameworks */,
				4EF39C112601FCFD00312B1F /* Resources */,
				F05B0AD1AE02F8031352D0AE /* [CP] Embed Pods Frameworks */,
			);
			buildRules = (
			);
			dependencies = (
				4EF39C152601FCFD00312B1F /* PBXTargetDependency */,
			);
			name = TestGithubUITests;
			productName = TestGithubUITests;
			productReference = 4EF39C132601FCFD00312B1F /* TestGithubUITests.xctest */;
			productType = "com.apple.product-type.bundle.ui-testing";
		};
/* End PBXNativeTarget section */

/* Begin PBXProject section */
		4EF39BEA2601FCFB00312B1F /* Project object */ = {
			isa = PBXProject;
			attributes = {
				LastSwiftUpdateCheck = 1240;
				LastUpgradeCheck = 1240;
				TargetAttributes = {
					4EF39BF12601FCFB00312B1F = {
						CreatedOnToolsVersion = 12.4;
					};
					4EF39C072601FCFD00312B1F = {
						CreatedOnToolsVersion = 12.4;
						TestTargetID = 4EF39BF12601FCFB00312B1F;
					};
					4EF39C122601FCFD00312B1F = {
						CreatedOnToolsVersion = 12.4;
						TestTargetID = 4EF39BF12601FCFB00312B1F;
					};
				};
			};
			buildConfigurationList = 4EF39BED2601FCFB00312B1F /* Build configuration list for PBXProject "TestGithub" */;
			compatibilityVersion = "Xcode 9.3";
			developmentRegion = en;
			hasScannedForEncodings = 0;
			knownRegions = (
				en,
				Base,
			);
			mainGroup = 4EF39BE92601FCFB00312B1F;
			productRefGroup = 4EF39BF32601FCFB00312B1F /* Products */;
			projectDirPath = "";
			projectRoot = "";
			targets = (
				4EF39BF12601FCFB00312B1F /* TestGithub */,
				4EF39C072601FCFD00312B1F /* TestGithubTests */,
				4EF39C122601FCFD00312B1F /* TestGithubUITests */,
			);
		};
/* End PBXProject section */

/* Begin PBXResourcesBuildPhase section */
		4EF39BF02601FCFB00312B1F /* Resources */ = {
			isa = PBXResourcesBuildPhase;
			buildActionMask = 2147483647;
			files = (
				4EF39C022601FCFD00312B1F /* LaunchScreen.storyboard in Resources */,
				4EF39BFF2601FCFD00312B1F /* Assets.xcassets in Resources */,
				4EF39BFD2601FCFB00312B1F /* Main.storyboard in Resources */,
			);
			runOnlyForDeploymentPostprocessing = 0;
		};
		4EF39C062601FCFD00312B1F /* Resources */ = {
			isa = PBXResourcesBuildPhase;
			buildActionMask = 2147483647;
			files = (
			);
			runOnlyForDeploymentPostprocessing = 0;
		};
		4EF39C112601FCFD00312B1F /* Resources */ = {
			isa = PBXResourcesBuildPhase;
			buildActionMask = 2147483647;
			files = (
			);
			runOnlyForDeploymentPostprocessing = 0;
		};
/* End PBXResourcesBuildPhase section */

/* Begin PBXShellScriptBuildPhase section */
		0BA9F52887B8A82F05C324AC /* [CP] Check Pods Manifest.lock */ = {
			isa = PBXShellScriptBuildPhase;
			buildActionMask = 2147483647;
			files = (
			);
			inputFileListPaths = (
			);
			inputPaths = (
				"${PODS_PODFILE_DIR_PATH}/Podfile.lock",
				"${PODS_ROOT}/Manifest.lock",
			);
			name = "[CP] Check Pods Manifest.lock";
			outputFileListPaths = (
			);
			outputPaths = (
				"$(DERIVED_FILE_DIR)/Pods-TestGithub-TestGithubUITests-checkManifestLockResult.txt",
			);
			runOnlyForDeploymentPostprocessing = 0;
			shellPath = /bin/sh;
			shellScript = "diff \"${PODS_PODFILE_DIR_PATH}/Podfile.lock\" \"${PODS_ROOT}/Manifest.lock\" > /dev/null\nif [ $? != 0 ] ; then\n    # print error to STDERR\n    echo \"error: The sandbox is not in sync with the Podfile.lock. Run 'pod install' or update your CocoaPods installation.\" >&2\n    exit 1\nfi\n# This output is used by Xcode 'outputs' to avoid re-running this script phase.\necho \"SUCCESS\" > \"${SCRIPT_OUTPUT_FILE_0}\"\n";
			showEnvVarsInLog = 0;
		};
		3A141A1C18543039246F4EC7 /* [CP] Check Pods Manifest.lock */ = {
			isa = PBXShellScriptBuildPhase;
			buildActionMask = 2147483647;
			files = (
			);
			inputFileListPaths = (
			);
			inputPaths = (
				"${PODS_PODFILE_DIR_PATH}/Podfile.lock",
				"${PODS_ROOT}/Manifest.lock",
			);
			name = "[CP] Check Pods Manifest.lock";
			outputFileListPaths = (
			);
			outputPaths = (
				"$(DERIVED_FILE_DIR)/Pods-TestGithub-checkManifestLockResult.txt",
			);
			runOnlyForDeploymentPostprocessing = 0;
			shellPath = /bin/sh;
			shellScript = "diff \"${PODS_PODFILE_DIR_PATH}/Podfile.lock\" \"${PODS_ROOT}/Manifest.lock\" > /dev/null\nif [ $? != 0 ] ; then\n    # print error to STDERR\n    echo \"error: The sandbox is not in sync with the Podfile.lock. Run 'pod install' or update your CocoaPods installation.\" >&2\n    exit 1\nfi\n# This output is used by Xcode 'outputs' to avoid re-running this script phase.\necho \"SUCCESS\" > \"${SCRIPT_OUTPUT_FILE_0}\"\n";
			showEnvVarsInLog = 0;
		};
		77CC233D7166556D453EF767 /* [CP] Embed Pods Frameworks */ = {
			isa = PBXShellScriptBuildPhase;
			buildActionMask = 2147483647;
			files = (
			);
			inputFileListPaths = (
				"${PODS_ROOT}/Target Support Files/Pods-TestGithub/Pods-TestGithub-frameworks-${CONFIGURATION}-input-files.xcfilelist",
			);
			name = "[CP] Embed Pods Frameworks";
			outputFileListPaths = (
				"${PODS_ROOT}/Target Support Files/Pods-TestGithub/Pods-TestGithub-frameworks-${CONFIGURATION}-output-files.xcfilelist",
			);
			runOnlyForDeploymentPostprocessing = 0;
			shellPath = /bin/sh;
			shellScript = "\"${PODS_ROOT}/Target Support Files/Pods-TestGithub/Pods-TestGithub-frameworks.sh\"\n";
			showEnvVarsInLog = 0;
		};
		D9C9E32677FDA20AB8A74EB0 /* [CP] Check Pods Manifest.lock */ = {
			isa = PBXShellScriptBuildPhase;
			buildActionMask = 2147483647;
			files = (
			);
			inputFileListPaths = (
			);
			inputPaths = (
				"${PODS_PODFILE_DIR_PATH}/Podfile.lock",
				"${PODS_ROOT}/Manifest.lock",
			);
			name = "[CP] Check Pods Manifest.lock";
			outputFileListPaths = (
			);
			outputPaths = (
				"$(DERIVED_FILE_DIR)/Pods-TestGithubTests-checkManifestLockResult.txt",
			);
			runOnlyForDeploymentPostprocessing = 0;
			shellPath = /bin/sh;
			shellScript = "diff \"${PODS_PODFILE_DIR_PATH}/Podfile.lock\" \"${PODS_ROOT}/Manifest.lock\" > /dev/null\nif [ $? != 0 ] ; then\n    # print error to STDERR\n    echo \"error: The sandbox is not in sync with the Podfile.lock. Run 'pod install' or update your CocoaPods installation.\" >&2\n    exit 1\nfi\n# This output is used by Xcode 'outputs' to avoid re-running this script phase.\necho \"SUCCESS\" > \"${SCRIPT_OUTPUT_FILE_0}\"\n";
			showEnvVarsInLog = 0;
		};
		F05B0AD1AE02F8031352D0AE /* [CP] Embed Pods Frameworks */ = {
			isa = PBXShellScriptBuildPhase;
			buildActionMask = 2147483647;
			files = (
			);
			inputFileListPaths = (
				"${PODS_ROOT}/Target Support Files/Pods-TestGithub-TestGithubUITests/Pods-TestGithub-TestGithubUITests-frameworks-${CONFIGURATION}-input-files.xcfilelist",
			);
			name = "[CP] Embed Pods Frameworks";
			outputFileListPaths = (
				"${PODS_ROOT}/Target Support Files/Pods-TestGithub-TestGithubUITests/Pods-TestGithub-TestGithubUITests-frameworks-${CONFIGURATION}-output-files.xcfilelist",
			);
			runOnlyForDeploymentPostprocessing = 0;
			shellPath = /bin/sh;
			shellScript = "\"${PODS_ROOT}/Target Support Files/Pods-TestGithub-TestGithubUITests/Pods-TestGithub-TestGithubUITests-frameworks.sh\"\n";
			showEnvVarsInLog = 0;
		};
/* End PBXShellScriptBuildPhase section */

/* Begin PBXSourcesBuildPhase section */
		4EF39BEE2601FCFB00312B1F /* Sources */ = {
			isa = PBXSourcesBuildPhase;
			buildActionMask = 2147483647;
			files = (
				4EF39BFA2601FCFB00312B1F /* ViewController.swift in Sources */,
				4EF39BF62601FCFB00312B1F /* AppDelegate.swift in Sources */,
				4EF39BF82601FCFB00312B1F /* SceneDelegate.swift in Sources */,
			);
			runOnlyForDeploymentPostprocessing = 0;
		};
		4EF39C042601FCFD00312B1F /* Sources */ = {
			isa = PBXSourcesBuildPhase;
			buildActionMask = 2147483647;
			files = (
				4EF39C0D2601FCFD00312B1F /* TestGithubTests.swift in Sources */,
			);
			runOnlyForDeploymentPostprocessing = 0;
		};
		4EF39C0F2601FCFD00312B1F /* Sources */ = {
			isa = PBXSourcesBuildPhase;
			buildActionMask = 2147483647;
			files = (
				4EF39C182601FCFD00312B1F /* TestGithubUITests.swift in Sources */,
			);
			runOnlyForDeploymentPostprocessing = 0;
		};
/* End PBXSourcesBuildPhase section */

/* Begin PBXTargetDependency section */
		4EF39C0A2601FCFD00312B1F /* PBXTargetDependency */ = {
			isa = PBXTargetDependency;
			target = 4EF39BF12601FCFB00312B1F /* TestGithub */;
			targetProxy = 4EF39C092601FCFD00312B1F /* PBXContainerItemProxy */;
		};
		4EF39C152601FCFD00312B1F /* PBXTargetDependency */ = {
			isa = PBXTargetDependency;
			target = 4EF39BF12601FCFB00312B1F /* TestGithub */;
			targetProxy = 4EF39C142601FCFD00312B1F /* PBXContainerItemProxy */;
		};
/* End PBXTargetDependency section */

/* Begin PBXVariantGroup section */
		4EF39BFB2601FCFB00312B1F /* Main.storyboard */ = {
			isa = PBXVariantGroup;
			children = (
				4EF39BFC2601FCFB00312B1F /* Base */,
			);
			name = Main.storyboard;
			sourceTree = "<group>";
		};
		4EF39C002601FCFD00312B1F /* LaunchScreen.storyboard */ = {
			isa = PBXVariantGroup;
			children = (
				4EF39C012601FCFD00312B1F /* Base */,
			);
			name = LaunchScreen.storyboard;
			sourceTree = "<group>";
		};
/* End PBXVariantGroup section */

/* Begin XCBuildConfiguration section */
		4EF39C1A2601FCFD00312B1F /* Debug */ = {
			isa = XCBuildConfiguration;
			buildSettings = {
				ALWAYS_SEARCH_USER_PATHS = NO;
				CLANG_ANALYZER_NONNULL = YES;
				CLANG_ANALYZER_NUMBER_OBJECT_CONVERSION = YES_AGGRESSIVE;
				CLANG_CXX_LANGUAGE_STANDARD = "gnu++14";
				CLANG_CXX_LIBRARY = "libc++";
				CLANG_ENABLE_MODULES = YES;
				CLANG_ENABLE_OBJC_ARC = YES;
				CLANG_ENABLE_OBJC_WEAK = YES;
				CLANG_WARN_BLOCK_CAPTURE_AUTORELEASING = YES;
				CLANG_WARN_BOOL_CONVERSION = YES;
				CLANG_WARN_COMMA = YES;
				CLANG_WARN_CONSTANT_CONVERSION = YES;
				CLANG_WARN_DEPRECATED_OBJC_IMPLEMENTATIONS = YES;
				CLANG_WARN_DIRECT_OBJC_ISA_USAGE = YES_ERROR;
				CLANG_WARN_DOCUMENTATION_COMMENTS = YES;
				CLANG_WARN_EMPTY_BODY = YES;
				CLANG_WARN_ENUM_CONVERSION = YES;
				CLANG_WARN_INFINITE_RECURSION = YES;
				CLANG_WARN_INT_CONVERSION = YES;
				CLANG_WARN_NON_LITERAL_NULL_CONVERSION = YES;
				CLANG_WARN_OBJC_IMPLICIT_RETAIN_SELF = YES;
				CLANG_WARN_OBJC_LITERAL_CONVERSION = YES;
				CLANG_WARN_OBJC_ROOT_CLASS = YES_ERROR;
				CLANG_WARN_QUOTED_INCLUDE_IN_FRAMEWORK_HEADER = YES;
				CLANG_WARN_RANGE_LOOP_ANALYSIS = YES;
				CLANG_WARN_STRICT_PROTOTYPES = YES;
				CLANG_WARN_SUSPICIOUS_MOVE = YES;
				CLANG_WARN_UNGUARDED_AVAILABILITY = YES_AGGRESSIVE;
				CLANG_WARN_UNREACHABLE_CODE = YES;
				CLANG_WARN__DUPLICATE_METHOD_MATCH = YES;
				COPY_PHASE_STRIP = NO;
				DEBUG_INFORMATION_FORMAT = dwarf;
				ENABLE_STRICT_OBJC_MSGSEND = YES;
				ENABLE_TESTABILITY = YES;
				GCC_C_LANGUAGE_STANDARD = gnu11;
				GCC_DYNAMIC_NO_PIC = NO;
				GCC_NO_COMMON_BLOCKS = YES;
				GCC_OPTIMIZATION_LEVEL = 0;
				GCC_PREPROCESSOR_DEFINITIONS = (
					"DEBUG=1",
					"$(inherited)",
				);
				GCC_WARN_64_TO_32_BIT_CONVERSION = YES;
				GCC_WARN_ABOUT_RETURN_TYPE = YES_ERROR;
				GCC_WARN_UNDECLARED_SELECTOR = YES;
				GCC_WARN_UNINITIALIZED_AUTOS = YES_AGGRESSIVE;
				GCC_WARN_UNUSED_FUNCTION = YES;
				GCC_WARN_UNUSED_VARIABLE = YES;
				IPHONEOS_DEPLOYMENT_TARGET = 14.4;
				MTL_ENABLE_DEBUG_INFO = INCLUDE_SOURCE;
				MTL_FAST_MATH = YES;
				ONLY_ACTIVE_ARCH = YES;
				SDKROOT = iphoneos;
				SWIFT_ACTIVE_COMPILATION_CONDITIONS = DEBUG;
				SWIFT_OPTIMIZATION_LEVEL = "-Onone";
			};
			name = Debug;
		};
		4EF39C1B2601FCFD00312B1F /* Release */ = {
			isa = XCBuildConfiguration;
			buildSettings = {
				ALWAYS_SEARCH_USER_PATHS = NO;
				CLANG_ANALYZER_NONNULL = YES;
				CLANG_ANALYZER_NUMBER_OBJECT_CONVERSION = YES_AGGRESSIVE;
				CLANG_CXX_LANGUAGE_STANDARD = "gnu++14";
				CLANG_CXX_LIBRARY = "libc++";
				CLANG_ENABLE_MODULES = YES;
				CLANG_ENABLE_OBJC_ARC = YES;
				CLANG_ENABLE_OBJC_WEAK = YES;
				CLANG_WARN_BLOCK_CAPTURE_AUTORELEASING = YES;
				CLANG_WARN_BOOL_CONVERSION = YES;
				CLANG_WARN_COMMA = YES;
				CLANG_WARN_CONSTANT_CONVERSION = YES;
				CLANG_WARN_DEPRECATED_OBJC_IMPLEMENTATIONS = YES;
				CLANG_WARN_DIRECT_OBJC_ISA_USAGE = YES_ERROR;
				CLANG_WARN_DOCUMENTATION_COMMENTS = YES;
				CLANG_WARN_EMPTY_BODY = YES;
				CLANG_WARN_ENUM_CONVERSION = YES;
				CLANG_WARN_INFINITE_RECURSION = YES;
				CLANG_WARN_INT_CONVERSION = YES;
				CLANG_WARN_NON_LITERAL_NULL_CONVERSION = YES;
				CLANG_WARN_OBJC_IMPLICIT_RETAIN_SELF = YES;
				CLANG_WARN_OBJC_LITERAL_CONVERSION = YES;
				CLANG_WARN_OBJC_ROOT_CLASS = YES_ERROR;
				CLANG_WARN_QUOTED_INCLUDE_IN_FRAMEWORK_HEADER = YES;
				CLANG_WARN_RANGE_LOOP_ANALYSIS = YES;
				CLANG_WARN_STRICT_PROTOTYPES = YES;
				CLANG_WARN_SUSPICIOUS_MOVE = YES;
				CLANG_WARN_UNGUARDED_AVAILABILITY = YES_AGGRESSIVE;
				CLANG_WARN_UNREACHABLE_CODE = YES;
				CLANG_WARN__DUPLICATE_METHOD_MATCH = YES;
				COPY_PHASE_STRIP = NO;
				DEBUG_INFORMATION_FORMAT = "dwarf-with-dsym";
				ENABLE_NS_ASSERTIONS = NO;
				ENABLE_STRICT_OBJC_MSGSEND = YES;
				GCC_C_LANGUAGE_STANDARD = gnu11;
				GCC_NO_COMMON_BLOCKS = YES;
				GCC_WARN_64_TO_32_BIT_CONVERSION = YES;
				GCC_WARN_ABOUT_RETURN_TYPE = YES_ERROR;
				GCC_WARN_UNDECLARED_SELECTOR = YES;
				GCC_WARN_UNINITIALIZED_AUTOS = YES_AGGRESSIVE;
				GCC_WARN_UNUSED_FUNCTION = YES;
				GCC_WARN_UNUSED_VARIABLE = YES;
				IPHONEOS_DEPLOYMENT_TARGET = 14.4;
				MTL_ENABLE_DEBUG_INFO = NO;
				MTL_FAST_MATH = YES;
				SDKROOT = iphoneos;
				SWIFT_COMPILATION_MODE = wholemodule;
				SWIFT_OPTIMIZATION_LEVEL = "-O";
				VALIDATE_PRODUCT = YES;
			};
			name = Release;
		};
		4EF39C1D2601FCFD00312B1F /* Debug */ = {
			isa = XCBuildConfiguration;
			baseConfigurationReference = D048476AA9272F979EBDA8F9 /* Pods-TestGithub.debug.xcconfig */;
			buildSettings = {
				ASSETCATALOG_COMPILER_APPICON_NAME = AppIcon;
				ASSETCATALOG_COMPILER_GLOBAL_ACCENT_COLOR_NAME = AccentColor;
				CODE_SIGN_STYLE = Automatic;
				INFOPLIST_FILE = TestGithub/Info.plist;
				LD_RUNPATH_SEARCH_PATHS = (
					"$(inherited)",
					"@executable_path/Frameworks",
				);
				PRODUCT_BUNDLE_IDENTIFIER = com.app.TestGithub;
				PRODUCT_NAME = "$(TARGET_NAME)";
				SWIFT_VERSION = 5.0;
				TARGETED_DEVICE_FAMILY = "1,2";
			};
			name = Debug;
		};
		4EF39C1E2601FCFD00312B1F /* Release */ = {
			isa = XCBuildConfiguration;
			baseConfigurationReference = BBE2B14491CEE089342D7846 /* Pods-TestGithub.release.xcconfig */;
			buildSettings = {
				ASSETCATALOG_COMPILER_APPICON_NAME = AppIcon;
				ASSETCATALOG_COMPILER_GLOBAL_ACCENT_COLOR_NAME = AccentColor;
				CODE_SIGN_STYLE = Automatic;
				INFOPLIST_FILE = TestGithub/Info.plist;
				LD_RUNPATH_SEARCH_PATHS = (
					"$(inherited)",
					"@executable_path/Frameworks",
				);
				PRODUCT_BUNDLE_IDENTIFIER = com.app.TestGithub;
				PRODUCT_NAME = "$(TARGET_NAME)";
				SWIFT_VERSION = 5.0;
				TARGETED_DEVICE_FAMILY = "1,2";
			};
			name = Release;
		};
		4EF39C202601FCFD00312B1F /* Debug */ = {
			isa = XCBuildConfiguration;
			baseConfigurationReference = 90A5C5696B2F8FA80E8E14AB /* Pods-TestGithubTests.debug.xcconfig */;
			buildSettings = {
				ALWAYS_EMBED_SWIFT_STANDARD_LIBRARIES = YES;
				BUNDLE_LOADER = "$(TEST_HOST)";
				CODE_SIGN_STYLE = Automatic;
				INFOPLIST_FILE = TestGithubTests/Info.plist;
				IPHONEOS_DEPLOYMENT_TARGET = 14.4;
				LD_RUNPATH_SEARCH_PATHS = (
					"$(inherited)",
					"@executable_path/Frameworks",
					"@loader_path/Frameworks",
				);
				PRODUCT_BUNDLE_IDENTIFIER = com.app.TestGithubTests;
				PRODUCT_NAME = "$(TARGET_NAME)";
				SWIFT_VERSION = 5.0;
				TARGETED_DEVICE_FAMILY = "1,2";
				TEST_HOST = "$(BUILT_PRODUCTS_DIR)/TestGithub.app/TestGithub";
			};
			name = Debug;
		};
		4EF39C212601FCFD00312B1F /* Release */ = {
			isa = XCBuildConfiguration;
			baseConfigurationReference = 918D2D69918D056E883E4968 /* Pods-TestGithubTests.release.xcconfig */;
			buildSettings = {
				ALWAYS_EMBED_SWIFT_STANDARD_LIBRARIES = YES;
				BUNDLE_LOADER = "$(TEST_HOST)";
				CODE_SIGN_STYLE = Automatic;
				INFOPLIST_FILE = TestGithubTests/Info.plist;
				IPHONEOS_DEPLOYMENT_TARGET = 14.4;
				LD_RUNPATH_SEARCH_PATHS = (
					"$(inherited)",
					"@executable_path/Frameworks",
					"@loader_path/Frameworks",
				);
				PRODUCT_BUNDLE_IDENTIFIER = com.app.TestGithubTests;
				PRODUCT_NAME = "$(TARGET_NAME)";
				SWIFT_VERSION = 5.0;
				TARGETED_DEVICE_FAMILY = "1,2";
				TEST_HOST = "$(BUILT_PRODUCTS_DIR)/TestGithub.app/TestGithub";
			};
			name = Release;
		};
		4EF39C232601FCFD00312B1F /* Debug */ = {
			isa = XCBuildConfiguration;
			baseConfigurationReference = 5FE353CD8BE72E90D3AD8009 /* Pods-TestGithub-TestGithubUITests.debug.xcconfig */;
			buildSettings = {
				ALWAYS_EMBED_SWIFT_STANDARD_LIBRARIES = YES;
				CODE_SIGN_STYLE = Automatic;
				INFOPLIST_FILE = TestGithubUITests/Info.plist;
				LD_RUNPATH_SEARCH_PATHS = (
					"$(inherited)",
					"@executable_path/Frameworks",
					"@loader_path/Frameworks",
				);
				PRODUCT_BUNDLE_IDENTIFIER = com.app.TestGithubUITests;
				PRODUCT_NAME = "$(TARGET_NAME)";
				SWIFT_VERSION = 5.0;
				TARGETED_DEVICE_FAMILY = "1,2";
				TEST_TARGET_NAME = TestGithub;
			};
			name = Debug;
		};
		4EF39C242601FCFD00312B1F /* Release */ = {
			isa = XCBuildConfiguration;
			baseConfigurationReference = BE88AA4A14FF17FBB69B79C3 /* Pods-TestGithub-TestGithubUITests.release.xcconfig */;
			buildSettings = {
				ALWAYS_EMBED_SWIFT_STANDARD_LIBRARIES = YES;
				CODE_SIGN_STYLE = Automatic;
				INFOPLIST_FILE = TestGithubUITests/Info.plist;
				LD_RUNPATH_SEARCH_PATHS = (
					"$(inherited)",
					"@executable_path/Frameworks",
					"@loader_path/Frameworks",
				);
				PRODUCT_BUNDLE_IDENTIFIER = com.app.TestGithubUITests;
				PRODUCT_NAME = "$(TARGET_NAME)";
				SWIFT_VERSION = 5.0;
				TARGETED_DEVICE_FAMILY = "1,2";
				TEST_TARGET_NAME = TestGithub;
			};
			name = Release;
		};
/* End XCBuildConfiguration section */

/* Begin XCConfigurationList section */
		4EF39BED2601FCFB00312B1F /* Build configuration list for PBXProject "TestGithub" */ = {
			isa = XCConfigurationList;
			buildConfigurations = (
				4EF39C1A2601FCFD00312B1F /* Debug */,
				4EF39C1B2601FCFD00312B1F /* Release */,
			);
			defaultConfigurationIsVisible = 0;
			defaultConfigurationName = Release;
		};
		4EF39C1C2601FCFD00312B1F /* Build configuration list for PBXNativeTarget "TestGithub" */ = {
			isa = XCConfigurationList;
			buildConfigurations = (
				4EF39C1D2601FCFD00312B1F /* Debug */,
				4EF39C1E2601FCFD00312B1F /* Release */,
			);
			defaultConfigurationIsVisible = 0;
			defaultConfigurationName = Release;
		};
		4EF39C1F2601FCFD00312B1F /* Build configuration list for PBXNativeTarget "TestGithubTests" */ = {
			isa = XCConfigurationList;
			buildConfigurations = (
				4EF39C202601FCFD00312B1F /* Debug */,
				4EF39C212601FCFD00312B1F /* Release */,
			);
			defaultConfigurationIsVisible = 0;
			defaultConfigurationName = Release;
		};
		4EF39C222601FCFD00312B1F /* Build configuration list for PBXNativeTarget "TestGithubUITests" */ = {
			isa = XCConfigurationList;
			buildConfigurations = (
				4EF39C232601FCFD00312B1F /* Debug */,
				4EF39C242601FCFD00312B1F /* Release */,
			);
			defaultConfigurationIsVisible = 0;
			defaultConfigurationName = Release;
		};
/* End XCConfigurationList section */
	};
	rootObject = 4EF39BEA2601FCFB00312B1F /* Project object */;
}
