// !$*UTF8*$!
{
	archiveVersion = 1;
	classes = {
	};
	objectVersion = 51;
	objects = {

/* Begin PBXBuildFile section */
		10FBD52C3006BD960CF0398B /* Pods_TestGithub.framework in Frameworks */ = {isa = PBXBuildFile; fileRef = C7E9A208BAC797CEFBF043C1 /* Pods_TestGithub.framework */; };
		4E096A3B260A03C900171EA5 /* HomeViewReactor.swift in Sources */ = {isa = PBXBuildFile; fileRef = 4E096A3A260A03C900171EA5 /* HomeViewReactor.swift */; };
		4E096A40260A09A500171EA5 /* HomeViewSection.swift in Sources */ = {isa = PBXBuildFile; fileRef = 4E096A3F260A09A500171EA5 /* HomeViewSection.swift */; };
		4E3AA4B8260C34A600E44ABA /* HistoryCell.swift in Sources */ = {isa = PBXBuildFile; fileRef = 4E3AA4B7260C34A600E44ABA /* HistoryCell.swift */; };
		4E3AA4D9260C5EB000E44ABA /* HomeDetailViewController.swift in Sources */ = {isa = PBXBuildFile; fileRef = 4E3AA4D8260C5EB000E44ABA /* HomeDetailViewController.swift */; };
		4E6D7230260995C00034819D /* HomeViewController.swift in Sources */ = {isa = PBXBuildFile; fileRef = 4E6D722F260995C00034819D /* HomeViewController.swift */; };
		4E6D723B26099C0F0034819D /* CompositionRoot.swift in Sources */ = {isa = PBXBuildFile; fileRef = 4E6D723A26099C0F0034819D /* CompositionRoot.swift */; };
		4E6D72402609B0410034819D /* URLNavigationMap.swift in Sources */ = {isa = PBXBuildFile; fileRef = 4E6D723F2609B0410034819D /* URLNavigationMap.swift */; };
		4E6D72452609B18F0034819D /* AppRouter.swift in Sources */ = {isa = PBXBuildFile; fileRef = 4E6D72442609B18F0034819D /* AppRouter.swift */; };
		4E6D724C2609BC390034819D /* HistoryViewController.swift in Sources */ = {isa = PBXBuildFile; fileRef = 4E6D724B2609BC390034819D /* HistoryViewController.swift */; };
		4E6D72552609C0060034819D /* MainTabBarController.swift in Sources */ = {isa = PBXBuildFile; fileRef = 4E6D72542609C0060034819D /* MainTabBarController.swift */; };
		4E6D725D2609C06E0034819D /* MainTabBarViewReactor.swift in Sources */ = {isa = PBXBuildFile; fileRef = 4E6D725C2609C06E0034819D /* MainTabBarViewReactor.swift */; };
		4E6D72622609C2490034819D /* MainNavigationController.swift in Sources */ = {isa = PBXBuildFile; fileRef = 4E6D72612609C2490034819D /* MainNavigationController.swift */; };
		4E6D72672609C57D0034819D /* BaseViewController.swift in Sources */ = {isa = PBXBuildFile; fileRef = 4E6D72662609C57D0034819D /* BaseViewController.swift */; };
		4E6D72802609D76E0034819D /* HomeSectionReactor.swift in Sources */ = {isa = PBXBuildFile; fileRef = 4E6D727F2609D76E0034819D /* HomeSectionReactor.swift */; };
		4E6D72B92609E9F40034819D /* BaseCollectionViewController.swift in Sources */ = {isa = PBXBuildFile; fileRef = 4E6D72B82609E9F40034819D /* BaseCollectionViewController.swift */; };
		4E6D72FA2609F1D80034819D /* BaseCollectionViewCell.swift in Sources */ = {isa = PBXBuildFile; fileRef = 4E6D72F92609F1D80034819D /* BaseCollectionViewCell.swift */; };
		4E6D72FF2609F2230034819D /* HomeCell.swift in Sources */ = {isa = PBXBuildFile; fileRef = 4E6D72FE2609F2230034819D /* HomeCell.swift */; };
		4E6D73042609F46E0034819D /* HomeCellReactor.swift in Sources */ = {isa = PBXBuildFile; fileRef = 4E6D73032609F46E0034819D /* HomeCellReactor.swift */; };
		4E6D73092609F9570034819D /* HomeSectionDelegate.swift in Sources */ = {isa = PBXBuildFile; fileRef = 4E6D73082609F9570034819D /* HomeSectionDelegate.swift */; };
		4E89417C260AD7EA00E4D2C5 /* UICollectionView+Rx.swift in Sources */ = {isa = PBXBuildFile; fileRef = 4E89417B260AD7EA00E4D2C5 /* UICollectionView+Rx.swift */; };
		4E89419D260B07E200E4D2C5 /* NSDate+Until.swift in Sources */ = {isa = PBXBuildFile; fileRef = 4E89419C260B07E200E4D2C5 /* NSDate+Until.swift */; };
		4E8941C1260B370600E4D2C5 /* HomeGitHubRealModel.swift in Sources */ = {isa = PBXBuildFile; fileRef = 4E8941C0260B370600E4D2C5 /* HomeGitHubRealModel.swift */; };
		4E8941C6260B483700E4D2C5 /* NetWorkRealModel.swift in Sources */ = {isa = PBXBuildFile; fileRef = 4E8941C5260B483700E4D2C5 /* NetWorkRealModel.swift */; };
		4EC36E1B26086A870008573F /* Font.swift in Sources */ = {isa = PBXBuildFile; fileRef = 4EC36E1A26086A870008573F /* Font.swift */; };
		4EC36E2426086C710008573F /* APPMacro.swift in Sources */ = {isa = PBXBuildFile; fileRef = 4EC36E2326086C710008573F /* APPMacro.swift */; };
		4EC36E2926086E0E0008573F /* AppCongfigure.swift in Sources */ = {isa = PBXBuildFile; fileRef = 4EC36E2826086E0E0008573F /* AppCongfigure.swift */; };
		4EC36E2F260870AA0008573F /* RealmManager.swift in Sources */ = {isa = PBXBuildFile; fileRef = 4EC36E2E260870AA0008573F /* RealmManager.swift */; };
		4EC36E3A2608739B0008573F /* RequestError.swift in Sources */ = {isa = PBXBuildFile; fileRef = 4EC36E392608739B0008573F /* RequestError.swift */; };
		4EC36E42260876EC0008573F /* NetEnvironment.swift in Sources */ = {isa = PBXBuildFile; fileRef = 4EC36E41260876EC0008573F /* NetEnvironment.swift */; };
		4EC36E48260878E20008573F /* HomeAPI.swift in Sources */ = {isa = PBXBuildFile; fileRef = 4EC36E47260878E20008573F /* HomeAPI.swift */; };
		4EC36E5026087CD70008573F /* NetWorking.swift in Sources */ = {isa = PBXBuildFile; fileRef = 4EC36E4F26087CD70008573F /* NetWorking.swift */; };
		4EC36E5626087E210008573F /* LoadingPlugin.swift in Sources */ = {isa = PBXBuildFile; fileRef = 4EC36E5526087E210008573F /* LoadingPlugin.swift */; };
		4EC36E6626087F050008573F /* Logger.swift in Sources */ = {isa = PBXBuildFile; fileRef = 4EC36E6526087F050008573F /* Logger.swift */; };
		4EC36E80260885630008573F /* UIColor+Hex.swift in Sources */ = {isa = PBXBuildFile; fileRef = 4EC36E7F260885630008573F /* UIColor+Hex.swift */; };
		4EC36E95260886BF0008573F /* UIColor+GitHub.swift in Sources */ = {isa = PBXBuildFile; fileRef = 4EC36E94260886BF0008573F /* UIColor+GitHub.swift */; };
		4EC36E9D26088B650008573F /* HomeSerice.swift in Sources */ = {isa = PBXBuildFile; fileRef = 4EC36E9C26088B650008573F /* HomeSerice.swift */; };
		4EC36EB826088E240008573F /* HomeGitHubModel.swift in Sources */ = {isa = PBXBuildFile; fileRef = 4EC36EB726088E240008573F /* HomeGitHubModel.swift */; };
		4EC36EEA26089A660008573F /* Moya+Rx.swift in Sources */ = {isa = PBXBuildFile; fileRef = 4EC36EE926089A660008573F /* Moya+Rx.swift */; };
		4EDB214A260C2A2100FAFEC9 /* BaseTableViewController.swift in Sources */ = {isa = PBXBuildFile; fileRef = 4EDB2149260C2A2100FAFEC9 /* BaseTableViewController.swift */; };
		4EF39BF62601FCFB00312B1F /* AppDelegate.swift in Sources */ = {isa = PBXBuildFile; fileRef = 4EF39BF52601FCFB00312B1F /* AppDelegate.swift */; };
		4EF39BFA2601FCFB00312B1F /* ViewController.swift in Sources */ = {isa = PBXBuildFile; fileRef = 4EF39BF92601FCFB00312B1F /* ViewController.swift */; };
		4EF39BFD2601FCFB00312B1F /* Main.storyboard in Resources */ = {isa = PBXBuildFile; fileRef = 4EF39BFB2601FCFB00312B1F /* Main.storyboard */; };
		4EF39BFF2601FCFD00312B1F /* Assets.xcassets in Resources */ = {isa = PBXBuildFile; fileRef = 4EF39BFE2601FCFD00312B1F /* Assets.xcassets */; };
		4EF39C022601FCFD00312B1F /* LaunchScreen.storyboard in Resources */ = {isa = PBXBuildFile; fileRef = 4EF39C002601FCFD00312B1F /* LaunchScreen.storyboard */; };
		4EF39C0D2601FCFD00312B1F /* TestGithubTests.swift in Sources */ = {isa = PBXBuildFile; fileRef = 4EF39C0C2601FCFD00312B1F /* TestGithubTests.swift */; };
		4EF39C182601FCFD00312B1F /* TestGithubUITests.swift in Sources */ = {isa = PBXBuildFile; fileRef = 4EF39C172601FCFD00312B1F /* TestGithubUITests.swift */; };
		53448182A7DAAD2A45A1FAC7 /* Pods_TestGithubTests.framework in Frameworks */ = {isa = PBXBuildFile; fileRef = 9F63E2A61B3537380068D2B5 /* Pods_TestGithubTests.framework */; };
		62219E8B39376DD89FC4275F /* Pods_TestGithub_TestGithubUITests.framework in Frameworks */ = {isa = PBXBuildFile; fileRef = 6C1F0A776D4568AFA9EEC7F3 /* Pods_TestGithub_TestGithubUITests.framework */; };
/* End PBXBuildFile section */

/* Begin PBXContainerItemProxy section */
		4EF39C092601FCFD00312B1F /* PBXContainerItemProxy */ = {
			isa = PBXContainerItemProxy;
			containerPortal = 4EF39BEA2601FCFB00312B1F /* Project object */;
			proxyType = 1;
			remoteGlobalIDString = 4EF39BF12601FCFB00312B1F;
			remoteInfo = TestGithub;
		};
		4EF39C142601FCFD00312B1F /* PBXContainerItemProxy */ = {
			isa = PBXContainerItemProxy;
			containerPortal = 4EF39BEA2601FCFB00312B1F /* Project object */;
			proxyType = 1;
			remoteGlobalIDString = 4EF39BF12601FCFB00312B1F;
			remoteInfo = TestGithub;
		};
/* End PBXContainerItemProxy section */

/* Begin PBXFileReference section */
		4E096A3A260A03C900171EA5 /* HomeViewReactor.swift */ = {isa = PBXFileReference; lastKnownFileType = sourcecode.swift; path = HomeViewReactor.swift; sourceTree = "<group>"; };
		4E096A3F260A09A500171EA5 /* HomeViewSection.swift */ = {isa = PBXFileReference; lastKnownFileType = sourcecode.swift; path = HomeViewSection.swift; sourceTree = "<group>"; };
		4E3AA4B7260C34A600E44ABA /* HistoryCell.swift */ = {isa = PBXFileReference; lastKnownFileType = sourcecode.swift; path = HistoryCell.swift; sourceTree = "<group>"; };
		4E3AA4D8260C5EB000E44ABA /* HomeDetailViewController.swift */ = {isa = PBXFileReference; lastKnownFileType = sourcecode.swift; path = HomeDetailViewController.swift; sourceTree = "<group>"; };
		4E3AA4DD260C758300E44ABA /* zh-Hans */ = {isa = PBXFileReference; lastKnownFileType = text.plist.strings; name = "zh-Hans"; path = "zh-Hans.lproj/Main.strings"; sourceTree = "<group>"; };
		4E3AA4E1260C758400E44ABA /* zh-Hans */ = {isa = PBXFileReference; lastKnownFileType = text.plist.strings; name = "zh-Hans"; path = "zh-Hans.lproj/LaunchScreen.strings"; sourceTree = "<group>"; };
		4E6D722F260995C00034819D /* HomeViewController.swift */ = {isa = PBXFileReference; lastKnownFileType = sourcecode.swift; path = HomeViewController.swift; sourceTree = "<group>"; };
		4E6D723A26099C0F0034819D /* CompositionRoot.swift */ = {isa = PBXFileReference; lastKnownFileType = sourcecode.swift; path = CompositionRoot.swift; sourceTree = "<group>"; };
		4E6D723F2609B0410034819D /* URLNavigationMap.swift */ = {isa = PBXFileReference; lastKnownFileType = sourcecode.swift; path = URLNavigationMap.swift; sourceTree = "<group>"; };
		4E6D72442609B18F0034819D /* AppRouter.swift */ = {isa = PBXFileReference; lastKnownFileType = sourcecode.swift; path = AppRouter.swift; sourceTree = "<group>"; };
		4E6D724B2609BC390034819D /* HistoryViewController.swift */ = {isa = PBXFileReference; lastKnownFileType = sourcecode.swift; path = HistoryViewController.swift; sourceTree = "<group>"; };
		4E6D72542609C0060034819D /* MainTabBarController.swift */ = {isa = PBXFileReference; lastKnownFileType = sourcecode.swift; path = MainTabBarController.swift; sourceTree = "<group>"; };
		4E6D725C2609C06E0034819D /* MainTabBarViewReactor.swift */ = {isa = PBXFileReference; lastKnownFileType = sourcecode.swift; path = MainTabBarViewReactor.swift; sourceTree = "<group>"; };
		4E6D72612609C2490034819D /* MainNavigationController.swift */ = {isa = PBXFileReference; lastKnownFileType = sourcecode.swift; path = MainNavigationController.swift; sourceTree = "<group>"; };
		4E6D72662609C57D0034819D /* BaseViewController.swift */ = {isa = PBXFileReference; lastKnownFileType = sourcecode.swift; path = BaseViewController.swift; sourceTree = "<group>"; };
		4E6D727F2609D76E0034819D /* HomeSectionReactor.swift */ = {isa = PBXFileReference; lastKnownFileType = sourcecode.swift; path = HomeSectionReactor.swift; sourceTree = "<group>"; };
		4E6D72B82609E9F40034819D /* BaseCollectionViewController.swift */ = {isa = PBXFileReference; lastKnownFileType = sourcecode.swift; path = BaseCollectionViewController.swift; sourceTree = "<group>"; };
		4E6D72F92609F1D80034819D /* BaseCollectionViewCell.swift */ = {isa = PBXFileReference; lastKnownFileType = sourcecode.swift; path = BaseCollectionViewCell.swift; sourceTree = "<group>"; };
		4E6D72FE2609F2230034819D /* HomeCell.swift */ = {isa = PBXFileReference; lastKnownFileType = sourcecode.swift; path = HomeCell.swift; sourceTree = "<group>"; };
		4E6D73032609F46E0034819D /* HomeCellReactor.swift */ = {isa = PBXFileReference; lastKnownFileType = sourcecode.swift; path = HomeCellReactor.swift; sourceTree = "<group>"; };
		4E6D73082609F9570034819D /* HomeSectionDelegate.swift */ = {isa = PBXFileReference; lastKnownFileType = sourcecode.swift; path = HomeSectionDelegate.swift; sourceTree = "<group>"; };
		4E89417B260AD7EA00E4D2C5 /* UICollectionView+Rx.swift */ = {isa = PBXFileReference; lastKnownFileType = sourcecode.swift; path = "UICollectionView+Rx.swift"; sourceTree = "<group>"; };
		4E89419C260B07E200E4D2C5 /* NSDate+Until.swift */ = {isa = PBXFileReference; lastKnownFileType = sourcecode.swift; path = "NSDate+Until.swift"; sourceTree = "<group>"; };
		4E8941C0260B370600E4D2C5 /* HomeGitHubRealModel.swift */ = {isa = PBXFileReference; lastKnownFileType = sourcecode.swift; path = HomeGitHubRealModel.swift; sourceTree = "<group>"; };
		4E8941C5260B483700E4D2C5 /* NetWorkRealModel.swift */ = {isa = PBXFileReference; lastKnownFileType = sourcecode.swift; path = NetWorkRealModel.swift; sourceTree = "<group>"; };
		4EC36E1A26086A870008573F /* Font.swift */ = {isa = PBXFileReference; lastKnownFileType = sourcecode.swift; path = Font.swift; sourceTree = "<group>"; };
		4EC36E2326086C710008573F /* APPMacro.swift */ = {isa = PBXFileReference; lastKnownFileType = sourcecode.swift; path = APPMacro.swift; sourceTree = "<group>"; };
		4EC36E2826086E0E0008573F /* AppCongfigure.swift */ = {isa = PBXFileReference; lastKnownFileType = sourcecode.swift; path = AppCongfigure.swift; sourceTree = "<group>"; };
		4EC36E2E260870AA0008573F /* RealmManager.swift */ = {isa = PBXFileReference; lastKnownFileType = sourcecode.swift; path = RealmManager.swift; sourceTree = "<group>"; };
		4EC36E392608739B0008573F /* RequestError.swift */ = {isa = PBXFileReference; lastKnownFileType = sourcecode.swift; path = RequestError.swift; sourceTree = "<group>"; };
		4EC36E41260876EC0008573F /* NetEnvironment.swift */ = {isa = PBXFileReference; lastKnownFileType = sourcecode.swift; path = NetEnvironment.swift; sourceTree = "<group>"; };
		4EC36E47260878E20008573F /* HomeAPI.swift */ = {isa = PBXFileReference; lastKnownFileType = sourcecode.swift; path = HomeAPI.swift; sourceTree = "<group>"; };
		4EC36E4F26087CD70008573F /* NetWorking.swift */ = {isa = PBXFileReference; lastKnownFileType = sourcecode.swift; path = NetWorking.swift; sourceTree = "<group>"; };
		4EC36E5526087E210008573F /* LoadingPlugin.swift */ = {isa = PBXFileReference; lastKnownFileType = sourcecode.swift; path = LoadingPlugin.swift; sourceTree = "<group>"; };
		4EC36E6526087F050008573F /* Logger.swift */ = {isa = PBXFileReference; lastKnownFileType = sourcecode.swift; path = Logger.swift; sourceTree = "<group>"; };
		4EC36E7F260885630008573F /* UIColor+Hex.swift */ = {isa = PBXFileReference; lastKnownFileType = sourcecode.swift; path = "UIColor+Hex.swift"; sourceTree = "<group>"; };
		4EC36E94260886BF0008573F /* UIColor+GitHub.swift */ = {isa = PBXFileReference; lastKnownFileType = sourcecode.swift; path = "UIColor+GitHub.swift"; sourceTree = "<group>"; };
		4EC36E9C26088B650008573F /* HomeSerice.swift */ = {isa = PBXFileReference; lastKnownFileType = sourcecode.swift; path = HomeSerice.swift; sourceTree = "<group>"; };
		4EC36EB726088E240008573F /* HomeGitHubModel.swift */ = {isa = PBXFileReference; lastKnownFileType = sourcecode.swift; path = HomeGitHubModel.swift; sourceTree = "<group>"; };
		4EC36EE926089A660008573F /* Moya+Rx.swift */ = {isa = PBXFileReference; lastKnownFileType = sourcecode.swift; path = "Moya+Rx.swift"; sourceTree = "<group>"; };
		4EDB2149260C2A2100FAFEC9 /* BaseTableViewController.swift */ = {isa = PBXFileReference; lastKnownFileType = sourcecode.swift; path = BaseTableViewController.swift; sourceTree = "<group>"; };
		4EF39BF22601FCFB00312B1F /* TestGithub.app */ = {isa = PBXFileReference; explicitFileType = wrapper.application; includeInIndex = 0; path = TestGithub.app; sourceTree = BUILT_PRODUCTS_DIR; };
		4EF39BF52601FCFB00312B1F /* AppDelegate.swift */ = {isa = PBXFileReference; lastKnownFileType = sourcecode.swift; path = AppDelegate.swift; sourceTree = "<group>"; };
		4EF39BF92601FCFB00312B1F /* ViewController.swift */ = {isa = PBXFileReference; lastKnownFileType = sourcecode.swift; path = ViewController.swift; sourceTree = "<group>"; };
		4EF39BFC2601FCFB00312B1F /* Base */ = {isa = PBXFileReference; lastKnownFileType = file.storyboard; name = Base; path = Base.lproj/Main.storyboard; sourceTree = "<group>"; };
		4EF39BFE2601FCFD00312B1F /* Assets.xcassets */ = {isa = PBXFileReference; lastKnownFileType = folder.assetcatalog; path = Assets.xcassets; sourceTree = "<group>"; };
		4EF39C012601FCFD00312B1F /* Base */ = {isa = PBXFileReference; lastKnownFileType = file.storyboard; name = Base; path = Base.lproj/LaunchScreen.storyboard; sourceTree = "<group>"; };
		4EF39C032601FCFD00312B1F /* Info.plist */ = {isa = PBXFileReference; lastKnownFileType = text.plist.xml; path = Info.plist; sourceTree = "<group>"; };
		4EF39C082601FCFD00312B1F /* TestGithubTests.xctest */ = {isa = PBXFileReference; explicitFileType = wrapper.cfbundle; includeInIndex = 0; path = TestGithubTests.xctest; sourceTree = BUILT_PRODUCTS_DIR; };
		4EF39C0C2601FCFD00312B1F /* TestGithubTests.swift */ = {isa = PBXFileReference; lastKnownFileType = sourcecode.swift; path = TestGithubTests.swift; sourceTree = "<group>"; };
		4EF39C0E2601FCFD00312B1F /* Info.plist */ = {isa = PBXFileReference; lastKnownFileType = text.plist.xml; path = Info.plist; sourceTree = "<group>"; };
		4EF39C132601FCFD00312B1F /* TestGithubUITests.xctest */ = {isa = PBXFileReference; explicitFileType = wrapper.cfbundle; includeInIndex = 0; path = TestGithubUITests.xctest; sourceTree = BUILT_PRODUCTS_DIR; };
		4EF39C172601FCFD00312B1F /* TestGithubUITests.swift */ = {isa = PBXFileReference; lastKnownFileType = sourcecode.swift; path = TestGithubUITests.swift; sourceTree = "<group>"; };
		4EF39C192601FCFD00312B1F /* Info.plist */ = {isa = PBXFileReference; lastKnownFileType = text.plist.xml; path = Info.plist; sourceTree = "<group>"; };
		5FE353CD8BE72E90D3AD8009 /* Pods-TestGithub-TestGithubUITests.debug.xcconfig */ = {isa = PBXFileReference; includeInIndex = 1; lastKnownFileType = text.xcconfig; name = "Pods-TestGithub-TestGithubUITests.debug.xcconfig"; path = "Target Support Files/Pods-TestGithub-TestGithubUITests/Pods-TestGithub-TestGithubUITests.debug.xcconfig"; sourceTree = "<group>"; };
		6C1F0A776D4568AFA9EEC7F3 /* Pods_TestGithub_TestGithubUITests.framework */ = {isa = PBXFileReference; explicitFileType = wrapper.framework; includeInIndex = 0; path = Pods_TestGithub_TestGithubUITests.framework; sourceTree = BUILT_PRODUCTS_DIR; };
		90A5C5696B2F8FA80E8E14AB /* Pods-TestGithubTests.debug.xcconfig */ = {isa = PBXFileReference; includeInIndex = 1; lastKnownFileType = text.xcconfig; name = "Pods-TestGithubTests.debug.xcconfig"; path = "Target Support Files/Pods-TestGithubTests/Pods-TestGithubTests.debug.xcconfig"; sourceTree = "<group>"; };
		918D2D69918D056E883E4968 /* Pods-TestGithubTests.release.xcconfig */ = {isa = PBXFileReference; includeInIndex = 1; lastKnownFileType = text.xcconfig; name = "Pods-TestGithubTests.release.xcconfig"; path = "Target Support Files/Pods-TestGithubTests/Pods-TestGithubTests.release.xcconfig"; sourceTree = "<group>"; };
		9F63E2A61B3537380068D2B5 /* Pods_TestGithubTests.framework */ = {isa = PBXFileReference; explicitFileType = wrapper.framework; includeInIndex = 0; path = Pods_TestGithubTests.framework; sourceTree = BUILT_PRODUCTS_DIR; };
		BBE2B14491CEE089342D7846 /* Pods-TestGithub.release.xcconfig */ = {isa = PBXFileReference; includeInIndex = 1; lastKnownFileType = text.xcconfig; name = "Pods-TestGithub.release.xcconfig"; path = "Target Support Files/Pods-TestGithub/Pods-TestGithub.release.xcconfig"; sourceTree = "<group>"; };
		BE88AA4A14FF17FBB69B79C3 /* Pods-TestGithub-TestGithubUITests.release.xcconfig */ = {isa = PBXFileReference; includeInIndex = 1; lastKnownFileType = text.xcconfig; name = "Pods-TestGithub-TestGithubUITests.release.xcconfig"; path = "Target Support Files/Pods-TestGithub-TestGithubUITests/Pods-TestGithub-TestGithubUITests.release.xcconfig"; sourceTree = "<group>"; };
		C7E9A208BAC797CEFBF043C1 /* Pods_TestGithub.framework */ = {isa = PBXFileReference; explicitFileType = wrapper.framework; includeInIndex = 0; path = Pods_TestGithub.framework; sourceTree = BUILT_PRODUCTS_DIR; };
		D048476AA9272F979EBDA8F9 /* Pods-TestGithub.debug.xcconfig */ = {isa = PBXFileReference; includeInIndex = 1; lastKnownFileType = text.xcconfig; name = "Pods-TestGithub.debug.xcconfig"; path = "Target Support Files/Pods-TestGithub/Pods-TestGithub.debug.xcconfig"; sourceTree = "<group>"; };
/* End PBXFileReference section */

/* Begin PBXFrameworksBuildPhase section */
		4EF39BEF2601FCFB00312B1F /* Frameworks */ = {
			isa = PBXFrameworksBuildPhase;
			buildActionMask = 2147483647;
			files = (
				10FBD52C3006BD960CF0398B /* Pods_TestGithub.framework in Frameworks */,
			);
			runOnlyForDeploymentPostprocessing = 0;
		};
		4EF39C052601FCFD00312B1F /* Frameworks */ = {
			isa = PBXFrameworksBuildPhase;
			buildActionMask = 2147483647;
			files = (
				53448182A7DAAD2A45A1FAC7 /* Pods_TestGithubTests.framework in Frameworks */,
			);
			runOnlyForDeploymentPostprocessing = 0;
		};
		4EF39C102601FCFD00312B1F /* Frameworks */ = {
			isa = PBXFrameworksBuildPhase;
			buildActionMask = 2147483647;
			files = (
				62219E8B39376DD89FC4275F /* Pods_TestGithub_TestGithubUITests.framework in Frameworks */,
			);
			runOnlyForDeploymentPostprocessing = 0;
		};
/* End PBXFrameworksBuildPhase section */

/* Begin PBXGroup section */
		00E18A2606EFDAA8ADFF878F /* Frameworks */ = {
			isa = PBXGroup;
			children = (
				C7E9A208BAC797CEFBF043C1 /* Pods_TestGithub.framework */,
				6C1F0A776D4568AFA9EEC7F3 /* Pods_TestGithub_TestGithubUITests.framework */,
				9F63E2A61B3537380068D2B5 /* Pods_TestGithubTests.framework */,
			);
			name = Frameworks;
			sourceTree = "<group>";
		};
		4E6D722E2609955A0034819D /* Controllers */ = {
			isa = PBXGroup;
			children = (
				4E6D722F260995C00034819D /* HomeViewController.swift */,
				4E096A3A260A03C900171EA5 /* HomeViewReactor.swift */,
				4E3AA4D8260C5EB000E44ABA /* HomeDetailViewController.swift */,
			);
			path = Controllers;
			sourceTree = "<group>";
		};
		4E6D72492609BB510034819D /* History */ = {
			isa = PBXGroup;
			children = (
				4EDB2148260C24D800FAFEC9 /* Views */,
				4E6D724A2609BC000034819D /* Controllers */,
			);
			path = History;
			sourceTree = "<group>";
		};
		4E6D724A2609BC000034819D /* Controllers */ = {
			isa = PBXGroup;
			children = (
				4E6D724B2609BC390034819D /* HistoryViewController.swift */,
			);
			path = Controllers;
			sourceTree = "<group>";
		};
		4E6D72532609BFC10034819D /* Main */ = {
			isa = PBXGroup;
			children = (
				4E6D72542609C0060034819D /* MainTabBarController.swift */,
				4E6D725C2609C06E0034819D /* MainTabBarViewReactor.swift */,
				4E6D72612609C2490034819D /* MainNavigationController.swift */,
				4E6D72662609C57D0034819D /* BaseViewController.swift */,
				4E6D72B82609E9F40034819D /* BaseCollectionViewController.swift */,
				4E6D72F92609F1D80034819D /* BaseCollectionViewCell.swift */,
				4EDB2149260C2A2100FAFEC9 /* BaseTableViewController.swift */,
			);
			path = Main;
			sourceTree = "<group>";
		};
		4E6D727D2609D72A0034819D /* Views */ = {
			isa = PBXGroup;
			children = (
				4E6D73032609F46E0034819D /* HomeCellReactor.swift */,
				4E6D72FE2609F2230034819D /* HomeCell.swift */,
			);
			path = Views;
			sourceTree = "<group>";
		};
		4E6D727E2609D7380034819D /* Reactors */ = {
			isa = PBXGroup;
			children = (
				4E6D727F2609D76E0034819D /* HomeSectionReactor.swift */,
				4E6D73082609F9570034819D /* HomeSectionDelegate.swift */,
				4E096A3F260A09A500171EA5 /* HomeViewSection.swift */,
			);
			path = Reactors;
			sourceTree = "<group>";
		};
		4EC36E182608631C0008573F /* Sources */ = {
			isa = PBXGroup;
			children = (
				4EC36EE826089A4E0008573F /* Rx */,
				4EC36E7E260885300008573F /* Extensions */,
				4EC36E46260878C00008573F /* Services */,
				4EC36E38260872F20008573F /* Networking */,
				4EC36E36260871810008573F /* Modulars */,
				4EC36E2D260870200008573F /* Until */,
				4EC36E2226086B5C0008573F /* Common */,
				4EC36E1926086A450008573F /* Constants */,
				4EF39BF52601FCFB00312B1F /* AppDelegate.swift */,
				4E6D723A26099C0F0034819D /* CompositionRoot.swift */,
				4EF39BF92601FCFB00312B1F /* ViewController.swift */,
			);
			path = Sources;
			sourceTree = "<group>";
		};
		4EC36E1926086A450008573F /* Constants */ = {
			isa = PBXGroup;
			children = (
				4EC36E1A26086A870008573F /* Font.swift */,
			);
			path = Constants;
			sourceTree = "<group>";
		};
		4EC36E2226086B5C0008573F /* Common */ = {
			isa = PBXGroup;
			children = (
				4EC36E2326086C710008573F /* APPMacro.swift */,
				4EC36E2826086E0E0008573F /* AppCongfigure.swift */,
			);
			path = Common;
			sourceTree = "<group>";
		};
		4EC36E2D260870200008573F /* Until */ = {
			isa = PBXGroup;
			children = (
				4EC36E2E260870AA0008573F /* RealmManager.swift */,
				4EC36E6526087F050008573F /* Logger.swift */,
				4E6D723F2609B0410034819D /* URLNavigationMap.swift */,
				4E6D72442609B18F0034819D /* AppRouter.swift */,
			);
			path = Until;
			sourceTree = "<group>";
		};
		4EC36E36260871810008573F /* Modulars */ = {
			isa = PBXGroup;
			children = (
				4E6D72532609BFC10034819D /* Main */,
				4E6D72492609BB510034819D /* History */,
				4EC36E37260871860008573F /* Home */,
			);
			path = Modulars;
			sourceTree = "<group>";
		};
		4EC36E37260871860008573F /* Home */ = {
			isa = PBXGroup;
			children = (
				4E6D727E2609D7380034819D /* Reactors */,
				4E6D727D2609D72A0034819D /* Views */,
				4E6D722E2609955A0034819D /* Controllers */,
				4EC36EB626088E090008573F /* Models */,
			);
			path = Home;
			sourceTree = "<group>";
		};
		4EC36E38260872F20008573F /* Networking */ = {
			isa = PBXGroup;
			children = (
				4EC36E5426087DAE0008573F /* Plugins */,
				4EC36E392608739B0008573F /* RequestError.swift */,
				4EC36E41260876EC0008573F /* NetEnvironment.swift */,
				4EC36E4F26087CD70008573F /* NetWorking.swift */,
				4E8941C5260B483700E4D2C5 /* NetWorkRealModel.swift */,
			);
			path = Networking;
			sourceTree = "<group>";
		};
		4EC36E46260878C00008573F /* Services */ = {
			isa = PBXGroup;
			children = (
				4EC36E47260878E20008573F /* HomeAPI.swift */,
				4EC36E9C26088B650008573F /* HomeSerice.swift */,
			);
			path = Services;
			sourceTree = "<group>";
		};
		4EC36E5426087DAE0008573F /* Plugins */ = {
			isa = PBXGroup;
			children = (
				4EC36E5526087E210008573F /* LoadingPlugin.swift */,
			);
			path = Plugins;
			sourceTree = "<group>";
		};
		4EC36E7E260885300008573F /* Extensions */ = {
			isa = PBXGroup;
			children = (
				4EC36E7F260885630008573F /* UIColor+Hex.swift */,
				4EC36E94260886BF0008573F /* UIColor+GitHub.swift */,
				4E89419C260B07E200E4D2C5 /* NSDate+Until.swift */,
			);
			path = Extensions;
			sourceTree = "<group>";
		};
		4EC36EB626088E090008573F /* Models */ = {
			isa = PBXGroup;
			children = (
				4EC36EB726088E240008573F /* HomeGitHubModel.swift */,
				4E8941C0260B370600E4D2C5 /* HomeGitHubRealModel.swift */,
			);
			path = Models;
			sourceTree = "<group>";
		};
		4EC36EE826089A4E0008573F /* Rx */ = {
			isa = PBXGroup;
			children = (
				4EC36EE926089A660008573F /* Moya+Rx.swift */,
				4E89417B260AD7EA00E4D2C5 /* UICollectionView+Rx.swift */,
			);
			path = Rx;
			sourceTree = "<group>";
		};
		4EDB2148260C24D800FAFEC9 /* Views */ = {
			isa = PBXGroup;
			children = (
				4E3AA4B7260C34A600E44ABA /* HistoryCell.swift */,
			);
			path = Views;
			sourceTree = "<group>";
		};
		4EF39BE92601FCFB00312B1F = {
			isa = PBXGroup;
			children = (
				4EF39BF42601FCFB00312B1F /* TestGithub */,
				4EF39C0B2601FCFD00312B1F /* TestGithubTests */,
				4EF39C162601FCFD00312B1F /* TestGithubUITests */,
				4EF39BF32601FCFB00312B1F /* Products */,
				EFE9C513EFE33A89EAC2A025 /* Pods */,
				00E18A2606EFDAA8ADFF878F /* Frameworks */,
			);
			sourceTree = "<group>";
		};
		4EF39BF32601FCFB00312B1F /* Products */ = {
			isa = PBXGroup;
			children = (
				4EF39BF22601FCFB00312B1F /* TestGithub.app */,
				4EF39C082601FCFD00312B1F /* TestGithubTests.xctest */,
				4EF39C132601FCFD00312B1F /* TestGithubUITests.xctest */,
			);
			name = Products;
			sourceTree = "<group>";
		};
		4EF39BF42601FCFB00312B1F /* TestGithub */ = {
			isa = PBXGroup;
			children = (
				4EC36E182608631C0008573F /* Sources */,
				4EF39BFB2601FCFB00312B1F /* Main.storyboard */,
				4EF39BFE2601FCFD00312B1F /* Assets.xcassets */,
				4EF39C002601FCFD00312B1F /* LaunchScreen.storyboard */,
				4EF39C032601FCFD00312B1F /* Info.plist */,
			);
			path = TestGithub;
			sourceTree = "<group>";
		};
		4EF39C0B2601FCFD00312B1F /* TestGithubTests */ = {
			isa = PBXGroup;
			children = (
				4EF39C0C2601FCFD00312B1F /* TestGithubTests.swift */,
				4EF39C0E2601FCFD00312B1F /* Info.plist */,
			);
			path = TestGithubTests;
			sourceTree = "<group>";
		};
		4EF39C162601FCFD00312B1F /* TestGithubUITests */ = {
			isa = PBXGroup;
			children = (
				4EF39C172601FCFD00312B1F /* TestGithubUITests.swift */,
				4EF39C192601FCFD00312B1F /* Info.plist */,
			);
			path = TestGithubUITests;
			sourceTree = "<group>";
		};
		EFE9C513EFE33A89EAC2A025 /* Pods */ = {
			isa = PBXGroup;
			children = (
				D048476AA9272F979EBDA8F9 /* Pods-TestGithub.debug.xcconfig */,
				BBE2B14491CEE089342D7846 /* Pods-TestGithub.release.xcconfig */,
				5FE353CD8BE72E90D3AD8009 /* Pods-TestGithub-TestGithubUITests.debug.xcconfig */,
				BE88AA4A14FF17FBB69B79C3 /* Pods-TestGithub-TestGithubUITests.release.xcconfig */,
				90A5C5696B2F8FA80E8E14AB /* Pods-TestGithubTests.debug.xcconfig */,
				918D2D69918D056E883E4968 /* Pods-TestGithubTests.release.xcconfig */,
			);
			path = Pods;
			sourceTree = "<group>";
		};
/* End PBXGroup section */

/* Begin PBXNativeTarget section */
		4EF39BF12601FCFB00312B1F /* TestGithub */ = {
			isa = PBXNativeTarget;
			buildConfigurationList = 4EF39C1C2601FCFD00312B1F /* Build configuration list for PBXNativeTarget "TestGithub" */;
			buildPhases = (
				3A141A1C18543039246F4EC7 /* [CP] Check Pods Manifest.lock */,
				4EF39BEE2601FCFB00312B1F /* Sources */,
				4EF39BEF2601FCFB00312B1F /* Frameworks */,
				4EF39BF02601FCFB00312B1F /* Resources */,
				77CC233D7166556D453EF767 /* [CP] Embed Pods Frameworks */,
			);
			buildRules = (
			);
			dependencies = (
			);
			name = TestGithub;
			productName = TestGithub;
			productReference = 4EF39BF22601FCFB00312B1F /* TestGithub.app */;
			productType = "com.apple.product-type.application";
		};
		4EF39C072601FCFD00312B1F /* TestGithubTests */ = {
			isa = PBXNativeTarget;
			buildConfigurationList = 4EF39C1F2601FCFD00312B1F /* Build configuration list for PBXNativeTarget "TestGithubTests" */;
			buildPhases = (
				D9C9E32677FDA20AB8A74EB0 /* [CP] Check Pods Manifest.lock */,
				4EF39C042601FCFD00312B1F /* Sources */,
				4EF39C052601FCFD00312B1F /* Frameworks */,
				4EF39C062601FCFD00312B1F /* Resources */,
			);
			buildRules = (
			);
			dependencies = (
				4EF39C0A2601FCFD00312B1F /* PBXTargetDependency */,
			);
			name = TestGithubTests;
			productName = TestGithubTests;
			productReference = 4EF39C082601FCFD00312B1F /* TestGithubTests.xctest */;
			productType = "com.apple.product-type.bundle.unit-test";
		};
		4EF39C122601FCFD00312B1F /* TestGithubUITests */ = {
			isa = PBXNativeTarget;
			buildConfigurationList = 4EF39C222601FCFD00312B1F /* Build configuration list for PBXNativeTarget "TestGithubUITests" */;
			buildPhases = (
				0BA9F52887B8A82F05C324AC /* [CP] Check Pods Manifest.lock */,
				4EF39C0F2601FCFD00312B1F /* Sources */,
				4EF39C102601FCFD00312B1F /* Frameworks */,
				4EF39C112601FCFD00312B1F /* Resources */,
				F05B0AD1AE02F8031352D0AE /* [CP] Embed Pods Frameworks */,
			);
			buildRules = (
			);
			dependencies = (
				4EF39C152601FCFD00312B1F /* PBXTargetDependency */,
			);
			name = TestGithubUITests;
			productName = TestGithubUITests;
			productReference = 4EF39C132601FCFD00312B1F /* TestGithubUITests.xctest */;
			productType = "com.apple.product-type.bundle.ui-testing";
		};
/* End PBXNativeTarget section */

/* Begin PBXProject section */
		4EF39BEA2601FCFB00312B1F /* Project object */ = {
			isa = PBXProject;
			attributes = {
				LastSwiftUpdateCheck = 1240;
				LastUpgradeCheck = 1240;
				TargetAttributes = {
					4EF39BF12601FCFB00312B1F = {
						CreatedOnToolsVersion = 12.4;
					};
					4EF39C072601FCFD00312B1F = {
						CreatedOnToolsVersion = 12.4;
						TestTargetID = 4EF39BF12601FCFB00312B1F;
					};
					4EF39C122601FCFD00312B1F = {
						CreatedOnToolsVersion = 12.4;
						TestTargetID = 4EF39BF12601FCFB00312B1F;
					};
				};
			};
			buildConfigurationList = 4EF39BED2601FCFB00312B1F /* Build configuration list for PBXProject "TestGithub" */;
			compatibilityVersion = "Xcode 9.3";
			developmentRegion = en;
			hasScannedForEncodings = 0;
			knownRegions = (
				en,
				Base,
				"zh-Hans",
			);
			mainGroup = 4EF39BE92601FCFB00312B1F;
			productRefGroup = 4EF39BF32601FCFB00312B1F /* Products */;
			projectDirPath = "";
			projectRoot = "";
			targets = (
				4EF39BF12601FCFB00312B1F /* TestGithub */,
				4EF39C072601FCFD00312B1F /* TestGithubTests */,
				4EF39C122601FCFD00312B1F /* TestGithubUITests */,
			);
		};
/* End PBXProject section */

/* Begin PBXResourcesBuildPhase section */
		4EF39BF02601FCFB00312B1F /* Resources */ = {
			isa = PBXResourcesBuildPhase;
			buildActionMask = 2147483647;
			files = (
				4EF39C022601FCFD00312B1F /* LaunchScreen.storyboard in Resources */,
				4EF39BFF2601FCFD00312B1F /* Assets.xcassets in Resources */,
				4EF39BFD2601FCFB00312B1F /* Main.storyboard in Resources */,
			);
			runOnlyForDeploymentPostprocessing = 0;
		};
		4EF39C062601FCFD00312B1F /* Resources */ = {
			isa = PBXResourcesBuildPhase;
			buildActionMask = 2147483647;
			files = (
			);
			runOnlyForDeploymentPostprocessing = 0;
		};
		4EF39C112601FCFD00312B1F /* Resources */ = {
			isa = PBXResourcesBuildPhase;
			buildActionMask = 2147483647;
			files = (
			);
			runOnlyForDeploymentPostprocessing = 0;
		};
/* End PBXResourcesBuildPhase section */

/* Begin PBXShellScriptBuildPhase section */
		0BA9F52887B8A82F05C324AC /* [CP] Check Pods Manifest.lock */ = {
			isa = PBXShellScriptBuildPhase;
			buildActionMask = 2147483647;
			files = (
			);
			inputFileListPaths = (
			);
			inputPaths = (
				"${PODS_PODFILE_DIR_PATH}/Podfile.lock",
				"${PODS_ROOT}/Manifest.lock",
			);
			name = "[CP] Check Pods Manifest.lock";
			outputFileListPaths = (
			);
			outputPaths = (
				"$(DERIVED_FILE_DIR)/Pods-TestGithub-TestGithubUITests-checkManifestLockResult.txt",
			);
			runOnlyForDeploymentPostprocessing = 0;
			shellPath = /bin/sh;
			shellScript = "diff \"${PODS_PODFILE_DIR_PATH}/Podfile.lock\" \"${PODS_ROOT}/Manifest.lock\" > /dev/null\nif [ $? != 0 ] ; then\n    # print error to STDERR\n    echo \"error: The sandbox is not in sync with the Podfile.lock. Run 'pod install' or update your CocoaPods installation.\" >&2\n    exit 1\nfi\n# This output is used by Xcode 'outputs' to avoid re-running this script phase.\necho \"SUCCESS\" > \"${SCRIPT_OUTPUT_FILE_0}\"\n";
			showEnvVarsInLog = 0;
		};
		3A141A1C18543039246F4EC7 /* [CP] Check Pods Manifest.lock */ = {
			isa = PBXShellScriptBuildPhase;
			buildActionMask = 2147483647;
			files = (
			);
			inputFileListPaths = (
			);
			inputPaths = (
				"${PODS_PODFILE_DIR_PATH}/Podfile.lock",
				"${PODS_ROOT}/Manifest.lock",
			);
			name = "[CP] Check Pods Manifest.lock";
			outputFileListPaths = (
			);
			outputPaths = (
				"$(DERIVED_FILE_DIR)/Pods-TestGithub-checkManifestLockResult.txt",
			);
			runOnlyForDeploymentPostprocessing = 0;
			shellPath = /bin/sh;
			shellScript = "diff \"${PODS_PODFILE_DIR_PATH}/Podfile.lock\" \"${PODS_ROOT}/Manifest.lock\" > /dev/null\nif [ $? != 0 ] ; then\n    # print error to STDERR\n    echo \"error: The sandbox is not in sync with the Podfile.lock. Run 'pod install' or update your CocoaPods installation.\" >&2\n    exit 1\nfi\n# This output is used by Xcode 'outputs' to avoid re-running this script phase.\necho \"SUCCESS\" > \"${SCRIPT_OUTPUT_FILE_0}\"\n";
			showEnvVarsInLog = 0;
		};
		77CC233D7166556D453EF767 /* [CP] Embed Pods Frameworks */ = {
			isa = PBXShellScriptBuildPhase;
			buildActionMask = 2147483647;
			files = (
			);
			inputFileListPaths = (
				"${PODS_ROOT}/Target Support Files/Pods-TestGithub/Pods-TestGithub-frameworks-${CONFIGURATION}-input-files.xcfilelist",
			);
			name = "[CP] Embed Pods Frameworks";
			outputFileListPaths = (
				"${PODS_ROOT}/Target Support Files/Pods-TestGithub/Pods-TestGithub-frameworks-${CONFIGURATION}-output-files.xcfilelist",
			);
			runOnlyForDeploymentPostprocessing = 0;
			shellPath = /bin/sh;
			shellScript = "\"${PODS_ROOT}/Target Support Files/Pods-TestGithub/Pods-TestGithub-frameworks.sh\"\n";
			showEnvVarsInLog = 0;
		};
		D9C9E32677FDA20AB8A74EB0 /* [CP] Check Pods Manifest.lock */ = {
			isa = PBXShellScriptBuildPhase;
			buildActionMask = 2147483647;
			files = (
			);
			inputFileListPaths = (
			);
			inputPaths = (
				"${PODS_PODFILE_DIR_PATH}/Podfile.lock",
				"${PODS_ROOT}/Manifest.lock",
			);
			name = "[CP] Check Pods Manifest.lock";
			outputFileListPaths = (
			);
			outputPaths = (
				"$(DERIVED_FILE_DIR)/Pods-TestGithubTests-checkManifestLockResult.txt",
			);
			runOnlyForDeploymentPostprocessing = 0;
			shellPath = /bin/sh;
			shellScript = "diff \"${PODS_PODFILE_DIR_PATH}/Podfile.lock\" \"${PODS_ROOT}/Manifest.lock\" > /dev/null\nif [ $? != 0 ] ; then\n    # print error to STDERR\n    echo \"error: The sandbox is not in sync with the Podfile.lock. Run 'pod install' or update your CocoaPods installation.\" >&2\n    exit 1\nfi\n# This output is used by Xcode 'outputs' to avoid re-running this script phase.\necho \"SUCCESS\" > \"${SCRIPT_OUTPUT_FILE_0}\"\n";
			showEnvVarsInLog = 0;
		};
		F05B0AD1AE02F8031352D0AE /* [CP] Embed Pods Frameworks */ = {
			isa = PBXShellScriptBuildPhase;
			buildActionMask = 2147483647;
			files = (
			);
			inputFileListPaths = (
				"${PODS_ROOT}/Target Support Files/Pods-TestGithub-TestGithubUITests/Pods-TestGithub-TestGithubUITests-frameworks-${CONFIGURATION}-input-files.xcfilelist",
			);
			name = "[CP] Embed Pods Frameworks";
			outputFileListPaths = (
				"${PODS_ROOT}/Target Support Files/Pods-TestGithub-TestGithubUITests/Pods-TestGithub-TestGithubUITests-frameworks-${CONFIGURATION}-output-files.xcfilelist",
			);
			runOnlyForDeploymentPostprocessing = 0;
			shellPath = /bin/sh;
			shellScript = "\"${PODS_ROOT}/Target Support Files/Pods-TestGithub-TestGithubUITests/Pods-TestGithub-TestGithubUITests-frameworks.sh\"\n";
			showEnvVarsInLog = 0;
		};
/* End PBXShellScriptBuildPhase section */

/* Begin PBXSourcesBuildPhase section */
		4EF39BEE2601FCFB00312B1F /* Sources */ = {
			isa = PBXSourcesBuildPhase;
			buildActionMask = 2147483647;
			files = (
				4E6D723B26099C0F0034819D /* CompositionRoot.swift in Sources */,
				4EC36E3A2608739B0008573F /* RequestError.swift in Sources */,
				4EC36E2926086E0E0008573F /* AppCongfigure.swift in Sources */,
				4E6D7230260995C00034819D /* HomeViewController.swift in Sources */,
				4EC36E5026087CD70008573F /* NetWorking.swift in Sources */,
				4E6D72FA2609F1D80034819D /* BaseCollectionViewCell.swift in Sources */,
				4E6D724C2609BC390034819D /* HistoryViewController.swift in Sources */,
				4E6D72552609C0060034819D /* MainTabBarController.swift in Sources */,
				4EC36E42260876EC0008573F /* NetEnvironment.swift in Sources */,
				4E6D73092609F9570034819D /* HomeSectionDelegate.swift in Sources */,
				4E6D73042609F46E0034819D /* HomeCellReactor.swift in Sources */,
				4EC36E1B26086A870008573F /* Font.swift in Sources */,
				4E8941C6260B483700E4D2C5 /* NetWorkRealModel.swift in Sources */,
				4EF39BFA2601FCFB00312B1F /* ViewController.swift in Sources */,
				4E3AA4B8260C34A600E44ABA /* HistoryCell.swift in Sources */,
				4EF39BF62601FCFB00312B1F /* AppDelegate.swift in Sources */,
				4EDB214A260C2A2100FAFEC9 /* BaseTableViewController.swift in Sources */,
				4E6D72B92609E9F40034819D /* BaseCollectionViewController.swift in Sources */,
				4EC36EEA26089A660008573F /* Moya+Rx.swift in Sources */,
				4E6D72402609B0410034819D /* URLNavigationMap.swift in Sources */,
				4E89417C260AD7EA00E4D2C5 /* UICollectionView+Rx.swift in Sources */,
				4E6D72FF2609F2230034819D /* HomeCell.swift in Sources */,
				4E8941C1260B370600E4D2C5 /* HomeGitHubRealModel.swift in Sources */,
				4E6D72672609C57D0034819D /* BaseViewController.swift in Sources */,
				4E6D72452609B18F0034819D /* AppRouter.swift in Sources */,
				4EC36E80260885630008573F /* UIColor+Hex.swift in Sources */,
				4EC36E5626087E210008573F /* LoadingPlugin.swift in Sources */,
				4EC36EB826088E240008573F /* HomeGitHubModel.swift in Sources */,
				4EC36E95260886BF0008573F /* UIColor+GitHub.swift in Sources */,
				4E6D725D2609C06E0034819D /* MainTabBarViewReactor.swift in Sources */,
				4EC36E6626087F050008573F /* Logger.swift in Sources */,
				4E6D72622609C2490034819D /* MainNavigationController.swift in Sources */,
				4EC36E48260878E20008573F /* HomeAPI.swift in Sources */,
				4E6D72802609D76E0034819D /* HomeSectionReactor.swift in Sources */,
				4EC36E2F260870AA0008573F /* RealmManager.swift in Sources */,
				4E89419D260B07E200E4D2C5 /* NSDate+Until.swift in Sources */,
				4EC36E2426086C710008573F /* APPMacro.swift in Sources */,
				4E3AA4D9260C5EB000E44ABA /* HomeDetailViewController.swift in Sources */,
				4E096A40260A09A500171EA5 /* HomeViewSection.swift in Sources */,
				4EC36E9D26088B650008573F /* HomeSerice.swift in Sources */,
				4E096A3B260A03C900171EA5 /* HomeViewReactor.swift in Sources */,
			);
			runOnlyForDeploymentPostprocessing = 0;
		};
		4EF39C042601FCFD00312B1F /* Sources */ = {
			isa = PBXSourcesBuildPhase;
			buildActionMask = 2147483647;
			files = (
				4EF39C0D2601FCFD00312B1F /* TestGithubTests.swift in Sources */,
			);
			runOnlyForDeploymentPostprocessing = 0;
		};
		4EF39C0F2601FCFD00312B1F /* Sources */ = {
			isa = PBXSourcesBuildPhase;
			buildActionMask = 2147483647;
			files = (
				4EF39C182601FCFD00312B1F /* TestGithubUITests.swift in Sources */,
			);
			runOnlyForDeploymentPostprocessing = 0;
		};
/* End PBXSourcesBuildPhase section */

/* Begin PBXTargetDependency section */
		4EF39C0A2601FCFD00312B1F /* PBXTargetDependency */ = {
			isa = PBXTargetDependency;
			target = 4EF39BF12601FCFB00312B1F /* TestGithub */;
			targetProxy = 4EF39C092601FCFD00312B1F /* PBXContainerItemProxy */;
		};
		4EF39C152601FCFD00312B1F /* PBXTargetDependency */ = {
			isa = PBXTargetDependency;
			target = 4EF39BF12601FCFB00312B1F /* TestGithub */;
			targetProxy = 4EF39C142601FCFD00312B1F /* PBXContainerItemProxy */;
		};
/* End PBXTargetDependency section */

/* Begin PBXVariantGroup section */
		4EF39BFB2601FCFB00312B1F /* Main.storyboard */ = {
			isa = PBXVariantGroup;
			children = (
				4EF39BFC2601FCFB00312B1F /* Base */,
				4E3AA4DD260C758300E44ABA /* zh-Hans */,
			);
			name = Main.storyboard;
			sourceTree = "<group>";
		};
		4EF39C002601FCFD00312B1F /* LaunchScreen.storyboard */ = {
			isa = PBXVariantGroup;
			children = (
				4EF39C012601FCFD00312B1F /* Base */,
				4E3AA4E1260C758400E44ABA /* zh-Hans */,
			);
			name = LaunchScreen.storyboard;
			sourceTree = "<group>";
		};
/* End PBXVariantGroup section */

/* Begin XCBuildConfiguration section */
		4EF39C1A2601FCFD00312B1F /* Debug */ = {
			isa = XCBuildConfiguration;
			buildSettings = {
				ALWAYS_SEARCH_USER_PATHS = NO;
				CLANG_ANALYZER_LOCALIZABILITY_NONLOCALIZED = YES;
				CLANG_ANALYZER_NONNULL = YES;
				CLANG_ANALYZER_NUMBER_OBJECT_CONVERSION = YES_AGGRESSIVE;
				CLANG_CXX_LANGUAGE_STANDARD = "gnu++14";
				CLANG_CXX_LIBRARY = "libc++";
				CLANG_ENABLE_MODULES = YES;
				CLANG_ENABLE_OBJC_ARC = YES;
				CLANG_ENABLE_OBJC_WEAK = YES;
				CLANG_WARN_BLOCK_CAPTURE_AUTORELEASING = YES;
				CLANG_WARN_BOOL_CONVERSION = YES;
				CLANG_WARN_COMMA = YES;
				CLANG_WARN_CONSTANT_CONVERSION = YES;
				CLANG_WARN_DEPRECATED_OBJC_IMPLEMENTATIONS = YES;
				CLANG_WARN_DIRECT_OBJC_ISA_USAGE = YES_ERROR;
				CLANG_WARN_DOCUMENTATION_COMMENTS = YES;
				CLANG_WARN_EMPTY_BODY = YES;
				CLANG_WARN_ENUM_CONVERSION = YES;
				CLANG_WARN_INFINITE_RECURSION = YES;
				CLANG_WARN_INT_CONVERSION = YES;
				CLANG_WARN_NON_LITERAL_NULL_CONVERSION = YES;
				CLANG_WARN_OBJC_IMPLICIT_RETAIN_SELF = YES;
				CLANG_WARN_OBJC_LITERAL_CONVERSION = YES;
				CLANG_WARN_OBJC_ROOT_CLASS = YES_ERROR;
				CLANG_WARN_QUOTED_INCLUDE_IN_FRAMEWORK_HEADER = YES;
				CLANG_WARN_RANGE_LOOP_ANALYSIS = YES;
				CLANG_WARN_STRICT_PROTOTYPES = YES;
				CLANG_WARN_SUSPICIOUS_MOVE = YES;
				CLANG_WARN_UNGUARDED_AVAILABILITY = YES_AGGRESSIVE;
				CLANG_WARN_UNREACHABLE_CODE = YES;
				CLANG_WARN__DUPLICATE_METHOD_MATCH = YES;
				COPY_PHASE_STRIP = NO;
				DEBUG_INFORMATION_FORMAT = dwarf;
				ENABLE_STRICT_OBJC_MSGSEND = YES;
				ENABLE_TESTABILITY = YES;
				GCC_C_LANGUAGE_STANDARD = gnu11;
				GCC_DYNAMIC_NO_PIC = NO;
				GCC_NO_COMMON_BLOCKS = YES;
				GCC_OPTIMIZATION_LEVEL = 0;
				GCC_PREPROCESSOR_DEFINITIONS = (
					"DEBUG=1",
					"$(inherited)",
				);
				GCC_WARN_64_TO_32_BIT_CONVERSION = YES;
				GCC_WARN_ABOUT_RETURN_TYPE = YES_ERROR;
				GCC_WARN_UNDECLARED_SELECTOR = YES;
				GCC_WARN_UNINITIALIZED_AUTOS = YES_AGGRESSIVE;
				GCC_WARN_UNUSED_FUNCTION = YES;
				GCC_WARN_UNUSED_VARIABLE = YES;
				IPHONEOS_DEPLOYMENT_TARGET = 14.4;
				MTL_ENABLE_DEBUG_INFO = INCLUDE_SOURCE;
				MTL_FAST_MATH = YES;
				ONLY_ACTIVE_ARCH = YES;
				SDKROOT = iphoneos;
				SWIFT_ACTIVE_COMPILATION_CONDITIONS = DEBUG;
				SWIFT_OPTIMIZATION_LEVEL = "-Onone";
			};
			name = Debug;
		};
		4EF39C1B2601FCFD00312B1F /* Release */ = {
			isa = XCBuildConfiguration;
			buildSettings = {
				ALWAYS_SEARCH_USER_PATHS = NO;
				CLANG_ANALYZER_LOCALIZABILITY_NONLOCALIZED = YES;
				CLANG_ANALYZER_NONNULL = YES;
				CLANG_ANALYZER_NUMBER_OBJECT_CONVERSION = YES_AGGRESSIVE;
				CLANG_CXX_LANGUAGE_STANDARD = "gnu++14";
				CLANG_CXX_LIBRARY = "libc++";
				CLANG_ENABLE_MODULES = YES;
				CLANG_ENABLE_OBJC_ARC = YES;
				CLANG_ENABLE_OBJC_WEAK = YES;
				CLANG_WARN_BLOCK_CAPTURE_AUTORELEASING = YES;
				CLANG_WARN_BOOL_CONVERSION = YES;
				CLANG_WARN_COMMA = YES;
				CLANG_WARN_CONSTANT_CONVERSION = YES;
				CLANG_WARN_DEPRECATED_OBJC_IMPLEMENTATIONS = YES;
				CLANG_WARN_DIRECT_OBJC_ISA_USAGE = YES_ERROR;
				CLANG_WARN_DOCUMENTATION_COMMENTS = YES;
				CLANG_WARN_EMPTY_BODY = YES;
				CLANG_WARN_ENUM_CONVERSION = YES;
				CLANG_WARN_INFINITE_RECURSION = YES;
				CLANG_WARN_INT_CONVERSION = YES;
				CLANG_WARN_NON_LITERAL_NULL_CONVERSION = YES;
				CLANG_WARN_OBJC_IMPLICIT_RETAIN_SELF = YES;
				CLANG_WARN_OBJC_LITERAL_CONVERSION = YES;
				CLANG_WARN_OBJC_ROOT_CLASS = YES_ERROR;
				CLANG_WARN_QUOTED_INCLUDE_IN_FRAMEWORK_HEADER = YES;
				CLANG_WARN_RANGE_LOOP_ANALYSIS = YES;
				CLANG_WARN_STRICT_PROTOTYPES = YES;
				CLANG_WARN_SUSPICIOUS_MOVE = YES;
				CLANG_WARN_UNGUARDED_AVAILABILITY = YES_AGGRESSIVE;
				CLANG_WARN_UNREACHABLE_CODE = YES;
				CLANG_WARN__DUPLICATE_METHOD_MATCH = YES;
				COPY_PHASE_STRIP = NO;
				DEBUG_INFORMATION_FORMAT = "dwarf-with-dsym";
				ENABLE_NS_ASSERTIONS = NO;
				ENABLE_STRICT_OBJC_MSGSEND = YES;
				GCC_C_LANGUAGE_STANDARD = gnu11;
				GCC_NO_COMMON_BLOCKS = YES;
				GCC_WARN_64_TO_32_BIT_CONVERSION = YES;
				GCC_WARN_ABOUT_RETURN_TYPE = YES_ERROR;
				GCC_WARN_UNDECLARED_SELECTOR = YES;
				GCC_WARN_UNINITIALIZED_AUTOS = YES_AGGRESSIVE;
				GCC_WARN_UNUSED_FUNCTION = YES;
				GCC_WARN_UNUSED_VARIABLE = YES;
				IPHONEOS_DEPLOYMENT_TARGET = 14.4;
				MTL_ENABLE_DEBUG_INFO = NO;
				MTL_FAST_MATH = YES;
				SDKROOT = iphoneos;
				SWIFT_COMPILATION_MODE = wholemodule;
				SWIFT_OPTIMIZATION_LEVEL = "-O";
				VALIDATE_PRODUCT = YES;
			};
			name = Release;
		};
		4EF39C1D2601FCFD00312B1F /* Debug */ = {
			isa = XCBuildConfiguration;
			baseConfigurationReference = D048476AA9272F979EBDA8F9 /* Pods-TestGithub.debug.xcconfig */;
			buildSettings = {
				ASSETCATALOG_COMPILER_APPICON_NAME = AppIcon;
				ASSETCATALOG_COMPILER_GLOBAL_ACCENT_COLOR_NAME = AccentColor;
				CODE_SIGN_STYLE = Manual;
				DEVELOPMENT_TEAM = "";
				INFOPLIST_FILE = TestGithub/Info.plist;
				IPHONEOS_DEPLOYMENT_TARGET = 13.0;
				LD_RUNPATH_SEARCH_PATHS = (
					"$(inherited)",
					"@executable_path/Frameworks",
				);
				PRODUCT_BUNDLE_IDENTIFIER = com.app.TestGithub;
				PRODUCT_NAME = "$(TARGET_NAME)";
				PROVISIONING_PROFILE_SPECIFIER = "";
				SWIFT_VERSION = 5.0;
				TARGETED_DEVICE_FAMILY = 1;
			};
			name = Debug;
		};
		4EF39C1E2601FCFD00312B1F /* Release */ = {
			isa = XCBuildConfiguration;
			baseConfigurationReference = BBE2B14491CEE089342D7846 /* Pods-TestGithub.release.xcconfig */;
			buildSettings = {
				ASSETCATALOG_COMPILER_APPICON_NAME = AppIcon;
				ASSETCATALOG_COMPILER_GLOBAL_ACCENT_COLOR_NAME = AccentColor;
				CODE_SIGN_STYLE = Manual;
				DEVELOPMENT_TEAM = "";
				INFOPLIST_FILE = TestGithub/Info.plist;
				IPHONEOS_DEPLOYMENT_TARGET = 13.0;
				LD_RUNPATH_SEARCH_PATHS = (
					"$(inherited)",
					"@executable_path/Frameworks",
				);
				PRODUCT_BUNDLE_IDENTIFIER = com.app.TestGithub;
				PRODUCT_NAME = "$(TARGET_NAME)";
				PROVISIONING_PROFILE_SPECIFIER = "";
				SWIFT_VERSION = 5.0;
				TARGETED_DEVICE_FAMILY = 1;
			};
			name = Release;
		};
		4EF39C202601FCFD00312B1F /* Debug */ = {
			isa = XCBuildConfiguration;
			baseConfigurationReference = 90A5C5696B2F8FA80E8E14AB /* Pods-TestGithubTests.debug.xcconfig */;
			buildSettings = {
				ALWAYS_EMBED_SWIFT_STANDARD_LIBRARIES = YES;
				BUNDLE_LOADER = "$(TEST_HOST)";
				CODE_SIGN_STYLE = Automatic;
				INFOPLIST_FILE = TestGithubTests/Info.plist;
				IPHONEOS_DEPLOYMENT_TARGET = 14.4;
				LD_RUNPATH_SEARCH_PATHS = (
					"$(inherited)",
					"@executable_path/Frameworks",
					"@loader_path/Frameworks",
				);
				PRODUCT_BUNDLE_IDENTIFIER = com.app.TestGithubTests;
				PRODUCT_NAME = "$(TARGET_NAME)";
				SWIFT_VERSION = 5.0;
				TARGETED_DEVICE_FAMILY = "1,2";
				TEST_HOST = "$(BUILT_PRODUCTS_DIR)/TestGithub.app/TestGithub";
			};
			name = Debug;
		};
		4EF39C212601FCFD00312B1F /* Release */ = {
			isa = XCBuildConfiguration;
			baseConfigurationReference = 918D2D69918D056E883E4968 /* Pods-TestGithubTests.release.xcconfig */;
			buildSettings = {
				ALWAYS_EMBED_SWIFT_STANDARD_LIBRARIES = YES;
				BUNDLE_LOADER = "$(TEST_HOST)";
				CODE_SIGN_STYLE = Automatic;
				INFOPLIST_FILE = TestGithubTests/Info.plist;
				IPHONEOS_DEPLOYMENT_TARGET = 14.4;
				LD_RUNPATH_SEARCH_PATHS = (
					"$(inherited)",
					"@executable_path/Frameworks",
					"@loader_path/Frameworks",
				);
				PRODUCT_BUNDLE_IDENTIFIER = com.app.TestGithubTests;
				PRODUCT_NAME = "$(TARGET_NAME)";
				SWIFT_VERSION = 5.0;
				TARGETED_DEVICE_FAMILY = "1,2";
				TEST_HOST = "$(BUILT_PRODUCTS_DIR)/TestGithub.app/TestGithub";
			};
			name = Release;
		};
		4EF39C232601FCFD00312B1F /* Debug */ = {
			isa = XCBuildConfiguration;
			baseConfigurationReference = 5FE353CD8BE72E90D3AD8009 /* Pods-TestGithub-TestGithubUITests.debug.xcconfig */;
			buildSettings = {
				ALWAYS_EMBED_SWIFT_STANDARD_LIBRARIES = YES;
				CODE_SIGN_STYLE = Automatic;
				INFOPLIST_FILE = TestGithubUITests/Info.plist;
				LD_RUNPATH_SEARCH_PATHS = (
					"$(inherited)",
					"@executable_path/Frameworks",
					"@loader_path/Frameworks",
				);
				PRODUCT_BUNDLE_IDENTIFIER = com.app.TestGithubUITests;
				PRODUCT_NAME = "$(TARGET_NAME)";
				SWIFT_VERSION = 5.0;
				TARGETED_DEVICE_FAMILY = "1,2";
				TEST_TARGET_NAME = TestGithub;
			};
			name = Debug;
		};
		4EF39C242601FCFD00312B1F /* Release */ = {
			isa = XCBuildConfiguration;
			baseConfigurationReference = BE88AA4A14FF17FBB69B79C3 /* Pods-TestGithub-TestGithubUITests.release.xcconfig */;
			buildSettings = {
				ALWAYS_EMBED_SWIFT_STANDARD_LIBRARIES = YES;
				CODE_SIGN_STYLE = Automatic;
				INFOPLIST_FILE = TestGithubUITests/Info.plist;
				LD_RUNPATH_SEARCH_PATHS = (
					"$(inherited)",
					"@executable_path/Frameworks",
					"@loader_path/Frameworks",
				);
				PRODUCT_BUNDLE_IDENTIFIER = com.app.TestGithubUITests;
				PRODUCT_NAME = "$(TARGET_NAME)";
				SWIFT_VERSION = 5.0;
				TARGETED_DEVICE_FAMILY = "1,2";
				TEST_TARGET_NAME = TestGithub;
			};
			name = Release;
		};
/* End XCBuildConfiguration section */

/* Begin XCConfigurationList section */
		4EF39BED2601FCFB00312B1F /* Build configuration list for PBXProject "TestGithub" */ = {
			isa = XCConfigurationList;
			buildConfigurations = (
				4EF39C1A2601FCFD00312B1F /* Debug */,
				4EF39C1B2601FCFD00312B1F /* Release */,
			);
			defaultConfigurationIsVisible = 0;
			defaultConfigurationName = Release;
		};
		4EF39C1C2601FCFD00312B1F /* Build configuration list for PBXNativeTarget "TestGithub" */ = {
			isa = XCConfigurationList;
			buildConfigurations = (
				4EF39C1D2601FCFD00312B1F /* Debug */,
				4EF39C1E2601FCFD00312B1F /* Release */,
			);
			defaultConfigurationIsVisible = 0;
			defaultConfigurationName = Release;
		};
		4EF39C1F2601FCFD00312B1F /* Build configuration list for PBXNativeTarget "TestGithubTests" */ = {
			isa = XCConfigurationList;
			buildConfigurations = (
				4EF39C202601FCFD00312B1F /* Debug */,
				4EF39C212601FCFD00312B1F /* Release */,
			);
			defaultConfigurationIsVisible = 0;
			defaultConfigurationName = Release;
		};
		4EF39C222601FCFD00312B1F /* Build configuration list for PBXNativeTarget "TestGithubUITests" */ = {
			isa = XCConfigurationList;
			buildConfigurations = (
				4EF39C232601FCFD00312B1F /* Debug */,
				4EF39C242601FCFD00312B1F /* Release */,
			);
			defaultConfigurationIsVisible = 0;
			defaultConfigurationName = Release;
		};
/* End XCConfigurationList section */
	};
	rootObject = 4EF39BEA2601FCFB00312B1F /* Project object */;
}
